// !$*UTF8*$!
{
	archiveVersion = 1;
	classes = {
	};
	objectVersion = 46;
	objects = {

/* Begin PBXBuildFile section */
		1FC6E121A92B7020F119AD1F /* Pods_RouteSample.framework in Frameworks */ = {isa = PBXBuildFile; fileRef = 1E0BA6981A7AA2C28C2EC787 /* Pods_RouteSample.framework */; };
		47EEF50A9B4C833609A7322B /* Pods_SearchAlongTheRouteSample.framework in Frameworks */ = {isa = PBXBuildFile; fileRef = A2F08D48BAF2B0EE52E68301 /* Pods_SearchAlongTheRouteSample.framework */; };
		5E70AB0D1F8F407D00CC346E /* SearchViewController.swift in Sources */ = {isa = PBXBuildFile; fileRef = 5E70AB0C1F8F407D00CC346E /* SearchViewController.swift */; };
		AF725C551CE878E100A040AA /* RouteDetailViewController.swift in Sources */ = {isa = PBXBuildFile; fileRef = AF725C541CE878E100A040AA /* RouteDetailViewController.swift */; };
		AFC2A7D71CC3786400FC6AFA /* AppDelegate.swift in Sources */ = {isa = PBXBuildFile; fileRef = AFC2A7D61CC3786400FC6AFA /* AppDelegate.swift */; };
		AFC2A7D91CC3786400FC6AFA /* RouteViewController.swift in Sources */ = {isa = PBXBuildFile; fileRef = AFC2A7D81CC3786400FC6AFA /* RouteViewController.swift */; };
		AFC2A7DC1CC3786400FC6AFA /* Main.storyboard in Resources */ = {isa = PBXBuildFile; fileRef = AFC2A7DA1CC3786400FC6AFA /* Main.storyboard */; };
		AFC2A7DE1CC3786400FC6AFA /* Assets.xcassets in Resources */ = {isa = PBXBuildFile; fileRef = AFC2A7DD1CC3786400FC6AFA /* Assets.xcassets */; };
		AFC2A7E11CC3786400FC6AFA /* LaunchScreen.storyboard in Resources */ = {isa = PBXBuildFile; fileRef = AFC2A7DF1CC3786400FC6AFA /* LaunchScreen.storyboard */; };
		FCFB02D31D75600700145BBE /* MarkOnMapViewController.swift in Sources */ = {isa = PBXBuildFile; fileRef = FCFB02D21D75600700145BBE /* MarkOnMapViewController.swift */; };
/* End PBXBuildFile section */

/* Begin PBXCopyFilesBuildPhase section */
		AF725C2C1CE81EA900A040AA /* Embed Frameworks */ = {
			isa = PBXCopyFilesBuildPhase;
			buildActionMask = 2147483647;
			dstPath = "";
			dstSubfolderSpec = 10;
			files = (
			);
			name = "Embed Frameworks";
			runOnlyForDeploymentPostprocessing = 0;
		};
/* End PBXCopyFilesBuildPhase section */

/* Begin PBXFileReference section */
		1E0BA6981A7AA2C28C2EC787 /* Pods_RouteSample.framework */ = {isa = PBXFileReference; explicitFileType = wrapper.framework; includeInIndex = 0; path = Pods_RouteSample.framework; sourceTree = BUILT_PRODUCTS_DIR; };
		555161552C78A7D8D08D86D5 /* Pods-RouteSample.debug.xcconfig */ = {isa = PBXFileReference; includeInIndex = 1; lastKnownFileType = text.xcconfig; name = "Pods-RouteSample.debug.xcconfig"; path = "../Pods/Target Support Files/Pods-RouteSample/Pods-RouteSample.debug.xcconfig"; sourceTree = "<group>"; };
		5E70AB0C1F8F407D00CC346E /* SearchViewController.swift */ = {isa = PBXFileReference; lastKnownFileType = sourcecode.swift; path = SearchViewController.swift; sourceTree = "<group>"; };
		671D50B78EBD43646B6270C1 /* Pods-RouteSample.release.xcconfig */ = {isa = PBXFileReference; includeInIndex = 1; lastKnownFileType = text.xcconfig; name = "Pods-RouteSample.release.xcconfig"; path = "../Pods/Target Support Files/Pods-RouteSample/Pods-RouteSample.release.xcconfig"; sourceTree = "<group>"; };
		776CC1AF4F6DFE0524472A20 /* Pods-SearchAlongTheRouteSample.debug.xcconfig */ = {isa = PBXFileReference; includeInIndex = 1; lastKnownFileType = text.xcconfig; name = "Pods-SearchAlongTheRouteSample.debug.xcconfig"; path = "../Pods/Target Support Files/Pods-SearchAlongTheRouteSample/Pods-SearchAlongTheRouteSample.debug.xcconfig"; sourceTree = "<group>"; };
		81C1B4441B37BF08B6F82B74 /* Pods-SearchAlongTheRouteSample.release.xcconfig */ = {isa = PBXFileReference; includeInIndex = 1; lastKnownFileType = text.xcconfig; name = "Pods-SearchAlongTheRouteSample.release.xcconfig"; path = "../Pods/Target Support Files/Pods-SearchAlongTheRouteSample/Pods-SearchAlongTheRouteSample.release.xcconfig"; sourceTree = "<group>"; };
		A2F08D48BAF2B0EE52E68301 /* Pods_SearchAlongTheRouteSample.framework */ = {isa = PBXFileReference; explicitFileType = wrapper.framework; includeInIndex = 0; path = Pods_SearchAlongTheRouteSample.framework; sourceTree = BUILT_PRODUCTS_DIR; };
		AF725C541CE878E100A040AA /* RouteDetailViewController.swift */ = {isa = PBXFileReference; fileEncoding = 4; lastKnownFileType = sourcecode.swift; path = RouteDetailViewController.swift; sourceTree = "<group>"; };
		AFC2A7D31CC3786400FC6AFA /* SearchAlongTheRouteSample.app */ = {isa = PBXFileReference; explicitFileType = wrapper.application; includeInIndex = 0; path = SearchAlongTheRouteSample.app; sourceTree = BUILT_PRODUCTS_DIR; };
		AFC2A7D61CC3786400FC6AFA /* AppDelegate.swift */ = {isa = PBXFileReference; lastKnownFileType = sourcecode.swift; path = AppDelegate.swift; sourceTree = "<group>"; };
		AFC2A7D81CC3786400FC6AFA /* RouteViewController.swift */ = {isa = PBXFileReference; lastKnownFileType = sourcecode.swift; path = RouteViewController.swift; sourceTree = "<group>"; };
		AFC2A7DB1CC3786400FC6AFA /* Base */ = {isa = PBXFileReference; lastKnownFileType = file.storyboard; name = Base; path = Base.lproj/Main.storyboard; sourceTree = "<group>"; };
		AFC2A7DD1CC3786400FC6AFA /* Assets.xcassets */ = {isa = PBXFileReference; lastKnownFileType = folder.assetcatalog; path = Assets.xcassets; sourceTree = "<group>"; };
		AFC2A7E01CC3786400FC6AFA /* Base */ = {isa = PBXFileReference; lastKnownFileType = file.storyboard; name = Base; path = Base.lproj/LaunchScreen.storyboard; sourceTree = "<group>"; };
		AFC2A7E21CC3786400FC6AFA /* Info.plist */ = {isa = PBXFileReference; lastKnownFileType = text.plist.xml; path = Info.plist; sourceTree = "<group>"; };
		FCFB02D21D75600700145BBE /* MarkOnMapViewController.swift */ = {isa = PBXFileReference; fileEncoding = 4; lastKnownFileType = sourcecode.swift; path = MarkOnMapViewController.swift; sourceTree = "<group>"; };
/* End PBXFileReference section */

/* Begin PBXFrameworksBuildPhase section */
		AFC2A7D01CC3786400FC6AFA /* Frameworks */ = {
			isa = PBXFrameworksBuildPhase;
			buildActionMask = 2147483647;
			files = (
				1FC6E121A92B7020F119AD1F /* Pods_RouteSample.framework in Frameworks */,
				47EEF50A9B4C833609A7322B /* Pods_SearchAlongTheRouteSample.framework in Frameworks */,
			);
			runOnlyForDeploymentPostprocessing = 0;
		};
/* End PBXFrameworksBuildPhase section */

/* Begin PBXGroup section */
		AFC2A7CA1CC3786400FC6AFA = {
			isa = PBXGroup;
			children = (
				AFC2A7D51CC3786400FC6AFA /* SearchAlongTheRouteSample */,
				AFC2A7D41CC3786400FC6AFA /* Products */,
				F09FD151ABF54E773EA10F52 /* Pods */,
				D0CABFF89955C86FF35D463B /* Frameworks */,
			);
			sourceTree = "<group>";
		};
		AFC2A7D41CC3786400FC6AFA /* Products */ = {
			isa = PBXGroup;
			children = (
				AFC2A7D31CC3786400FC6AFA /* SearchAlongTheRouteSample.app */,
			);
			name = Products;
			sourceTree = "<group>";
		};
		AFC2A7D51CC3786400FC6AFA /* SearchAlongTheRouteSample */ = {
			isa = PBXGroup;
			children = (
				AFC2A7D61CC3786400FC6AFA /* AppDelegate.swift */,
				AFC2A7D81CC3786400FC6AFA /* RouteViewController.swift */,
				AF725C541CE878E100A040AA /* RouteDetailViewController.swift */,
				FCFB02D21D75600700145BBE /* MarkOnMapViewController.swift */,
				5E70AB0C1F8F407D00CC346E /* SearchViewController.swift */,
				AFC2A7DA1CC3786400FC6AFA /* Main.storyboard */,
				AFC2A7DD1CC3786400FC6AFA /* Assets.xcassets */,
				AFC2A7DF1CC3786400FC6AFA /* LaunchScreen.storyboard */,
				AFC2A7E21CC3786400FC6AFA /* Info.plist */,
			);
			path = SearchAlongTheRouteSample;
			sourceTree = "<group>";
		};
		D0CABFF89955C86FF35D463B /* Frameworks */ = {
			isa = PBXGroup;
			children = (
				1E0BA6981A7AA2C28C2EC787 /* Pods_RouteSample.framework */,
				A2F08D48BAF2B0EE52E68301 /* Pods_SearchAlongTheRouteSample.framework */,
			);
			name = Frameworks;
			sourceTree = "<group>";
		};
		F09FD151ABF54E773EA10F52 /* Pods */ = {
			isa = PBXGroup;
			children = (
				555161552C78A7D8D08D86D5 /* Pods-RouteSample.debug.xcconfig */,
				671D50B78EBD43646B6270C1 /* Pods-RouteSample.release.xcconfig */,
				776CC1AF4F6DFE0524472A20 /* Pods-SearchAlongTheRouteSample.debug.xcconfig */,
				81C1B4441B37BF08B6F82B74 /* Pods-SearchAlongTheRouteSample.release.xcconfig */,
			);
			name = Pods;
			sourceTree = "<group>";
		};
/* End PBXGroup section */

/* Begin PBXNativeTarget section */
		AFC2A7D21CC3786400FC6AFA /* SearchAlongTheRouteSample */ = {
			isa = PBXNativeTarget;
			buildConfigurationList = AFC2A7E51CC3786400FC6AFA /* Build configuration list for PBXNativeTarget "SearchAlongTheRouteSample" */;
			buildPhases = (
				BA72838DF88E33666F9611CC /* [CP] Check Pods Manifest.lock */,
				AFC2A7CF1CC3786400FC6AFA /* Sources */,
				AFC2A7D01CC3786400FC6AFA /* Frameworks */,
				AFC2A7D11CC3786400FC6AFA /* Resources */,
				AF725C2C1CE81EA900A040AA /* Embed Frameworks */,
				D017A7C6433011C1CA707566 /* [CP] Embed Pods Frameworks */,
				251AABBD20D7049C330275DC /* [CP] Copy Pods Resources */,
			);
			buildRules = (
			);
			dependencies = (
			);
			name = SearchAlongTheRouteSample;
			productName = RouteSample;
			productReference = AFC2A7D31CC3786400FC6AFA /* SearchAlongTheRouteSample.app */;
			productType = "com.apple.product-type.application";
		};
/* End PBXNativeTarget section */

/* Begin PBXProject section */
		AFC2A7CB1CC3786400FC6AFA /* Project object */ = {
			isa = PBXProject;
			attributes = {
				LastSwiftUpdateCheck = 0730;
				LastUpgradeCheck = 0900;
				ORGANIZATIONNAME = gissoft;
				TargetAttributes = {
					AFC2A7D21CC3786400FC6AFA = {
						CreatedOnToolsVersion = 7.3;
						LastSwiftMigration = 0900;
					};
				};
			};
			buildConfigurationList = AFC2A7CE1CC3786400FC6AFA /* Build configuration list for PBXProject "SearchAlongTheRouteSample" */;
			compatibilityVersion = "Xcode 3.2";
			developmentRegion = English;
			hasScannedForEncodings = 0;
			knownRegions = (
				English,
				en,
				Base,
			);
			mainGroup = AFC2A7CA1CC3786400FC6AFA;
			productRefGroup = AFC2A7D41CC3786400FC6AFA /* Products */;
			projectDirPath = "";
			projectRoot = "";
			targets = (
				AFC2A7D21CC3786400FC6AFA /* SearchAlongTheRouteSample */,
			);
		};
/* End PBXProject section */

/* Begin PBXResourcesBuildPhase section */
		AFC2A7D11CC3786400FC6AFA /* Resources */ = {
			isa = PBXResourcesBuildPhase;
			buildActionMask = 2147483647;
			files = (
				AFC2A7E11CC3786400FC6AFA /* LaunchScreen.storyboard in Resources */,
				AFC2A7DE1CC3786400FC6AFA /* Assets.xcassets in Resources */,
				AFC2A7DC1CC3786400FC6AFA /* Main.storyboard in Resources */,
			);
			runOnlyForDeploymentPostprocessing = 0;
		};
/* End PBXResourcesBuildPhase section */

/* Begin PBXShellScriptBuildPhase section */
		251AABBD20D7049C330275DC /* [CP] Copy Pods Resources */ = {
			isa = PBXShellScriptBuildPhase;
			buildActionMask = 2147483647;
			files = (
			);
			inputPaths = (
				"${PODS_ROOT}/Target Support Files/Pods-SearchAlongTheRouteSample/Pods-SearchAlongTheRouteSample-resources.sh",
				"${PODS_ROOT}/ArcGIS-Runtime-SDK-iOS/ArcGIS.framework/Versions/Current/Resources/ArcGIS.bundle",
			);
			name = "[CP] Copy Pods Resources";
			outputPaths = (
				"${TARGET_BUILD_DIR}/${UNLOCALIZED_RESOURCES_FOLDER_PATH}/ArcGIS.bundle",
			);
			runOnlyForDeploymentPostprocessing = 0;
			shellPath = /bin/sh;
			shellScript = "\"${PODS_ROOT}/Target Support Files/Pods-SearchAlongTheRouteSample/Pods-SearchAlongTheRouteSample-resources.sh\"\n";
			showEnvVarsInLog = 0;
		};
		BA72838DF88E33666F9611CC /* [CP] Check Pods Manifest.lock */ = {
			isa = PBXShellScriptBuildPhase;
			buildActionMask = 2147483647;
			files = (
			);
			inputPaths = (
				"${PODS_PODFILE_DIR_PATH}/Podfile.lock",
				"${PODS_ROOT}/Manifest.lock",
			);
			name = "[CP] Check Pods Manifest.lock";
			outputPaths = (
				"$(DERIVED_FILE_DIR)/Pods-SearchAlongTheRouteSample-checkManifestLockResult.txt",
			);
			runOnlyForDeploymentPostprocessing = 0;
			shellPath = /bin/sh;
			shellScript = "diff \"${PODS_PODFILE_DIR_PATH}/Podfile.lock\" \"${PODS_ROOT}/Manifest.lock\" > /dev/null\nif [ $? != 0 ] ; then\n    # print error to STDERR\n    echo \"error: The sandbox is not in sync with the Podfile.lock. Run 'pod install' or update your CocoaPods installation.\" >&2\n    exit 1\nfi\n# This output is used by Xcode 'outputs' to avoid re-running this script phase.\necho \"SUCCESS\" > \"${SCRIPT_OUTPUT_FILE_0}\"\n";
			showEnvVarsInLog = 0;
		};
		D017A7C6433011C1CA707566 /* [CP] Embed Pods Frameworks */ = {
			isa = PBXShellScriptBuildPhase;
			buildActionMask = 2147483647;
			files = (
			);
			inputPaths = (
				"${PODS_ROOT}/Target Support Files/Pods-SearchAlongTheRouteSample/Pods-SearchAlongTheRouteSample-frameworks.sh",
				"${PODS_ROOT}/NOSTRASDK/NOSTRASDK.framework",
			);
			name = "[CP] Embed Pods Frameworks";
			outputPaths = (
				"${TARGET_BUILD_DIR}/${FRAMEWORKS_FOLDER_PATH}/NOSTRASDK.framework",
			);
			runOnlyForDeploymentPostprocessing = 0;
			shellPath = /bin/sh;
			shellScript = "\"${PODS_ROOT}/Target Support Files/Pods-SearchAlongTheRouteSample/Pods-SearchAlongTheRouteSample-frameworks.sh\"\n";
			showEnvVarsInLog = 0;
		};
/* End PBXShellScriptBuildPhase section */

/* Begin PBXSourcesBuildPhase section */
		AFC2A7CF1CC3786400FC6AFA /* Sources */ = {
			isa = PBXSourcesBuildPhase;
			buildActionMask = 2147483647;
			files = (
				5E70AB0D1F8F407D00CC346E /* SearchViewController.swift in Sources */,
				AFC2A7D91CC3786400FC6AFA /* RouteViewController.swift in Sources */,
				FCFB02D31D75600700145BBE /* MarkOnMapViewController.swift in Sources */,
				AFC2A7D71CC3786400FC6AFA /* AppDelegate.swift in Sources */,
				AF725C551CE878E100A040AA /* RouteDetailViewController.swift in Sources */,
			);
			runOnlyForDeploymentPostprocessing = 0;
		};
/* End PBXSourcesBuildPhase section */

/* Begin PBXVariantGroup section */
		AFC2A7DA1CC3786400FC6AFA /* Main.storyboard */ = {
			isa = PBXVariantGroup;
			children = (
				AFC2A7DB1CC3786400FC6AFA /* Base */,
			);
			name = Main.storyboard;
			sourceTree = "<group>";
		};
		AFC2A7DF1CC3786400FC6AFA /* LaunchScreen.storyboard */ = {
			isa = PBXVariantGroup;
			children = (
				AFC2A7E01CC3786400FC6AFA /* Base */,
			);
			name = LaunchScreen.storyboard;
			sourceTree = "<group>";
		};
/* End PBXVariantGroup section */

/* Begin XCBuildConfiguration section */
		AFC2A7E31CC3786400FC6AFA /* Debug */ = {
			isa = XCBuildConfiguration;
			buildSettings = {
				ALWAYS_SEARCH_USER_PATHS = NO;
				CLANG_ANALYZER_NONNULL = YES;
				CLANG_CXX_LANGUAGE_STANDARD = "gnu++0x";
				CLANG_CXX_LIBRARY = "libc++";
				CLANG_ENABLE_MODULES = YES;
				CLANG_ENABLE_OBJC_ARC = YES;
				CLANG_WARN_BLOCK_CAPTURE_AUTORELEASING = YES;
				CLANG_WARN_BOOL_CONVERSION = YES;
				CLANG_WARN_COMMA = YES;
				CLANG_WARN_CONSTANT_CONVERSION = YES;
				CLANG_WARN_DIRECT_OBJC_ISA_USAGE = YES_ERROR;
				CLANG_WARN_EMPTY_BODY = YES;
				CLANG_WARN_ENUM_CONVERSION = YES;
				CLANG_WARN_INFINITE_RECURSION = YES;
				CLANG_WARN_INT_CONVERSION = YES;
				CLANG_WARN_NON_LITERAL_NULL_CONVERSION = YES;
				CLANG_WARN_OBJC_LITERAL_CONVERSION = YES;
				CLANG_WARN_OBJC_ROOT_CLASS = YES_ERROR;
				CLANG_WARN_RANGE_LOOP_ANALYSIS = YES;
				CLANG_WARN_STRICT_PROTOTYPES = YES;
				CLANG_WARN_SUSPICIOUS_MOVE = YES;
				CLANG_WARN_UNREACHABLE_CODE = YES;
				CLANG_WARN__DUPLICATE_METHOD_MATCH = YES;
				"CODE_SIGN_IDENTITY[sdk=iphoneos*]" = "iPhone Developer";
				COPY_PHASE_STRIP = NO;
				DEBUG_INFORMATION_FORMAT = dwarf;
				ENABLE_STRICT_OBJC_MSGSEND = YES;
				ENABLE_TESTABILITY = YES;
				GCC_C_LANGUAGE_STANDARD = gnu99;
				GCC_DYNAMIC_NO_PIC = NO;
				GCC_NO_COMMON_BLOCKS = YES;
				GCC_OPTIMIZATION_LEVEL = 0;
				GCC_PREPROCESSOR_DEFINITIONS = (
					"DEBUG=1",
					"$(inherited)",
				);
				GCC_WARN_64_TO_32_BIT_CONVERSION = YES;
				GCC_WARN_ABOUT_RETURN_TYPE = YES_ERROR;
				GCC_WARN_UNDECLARED_SELECTOR = YES;
				GCC_WARN_UNINITIALIZED_AUTOS = YES_AGGRESSIVE;
				GCC_WARN_UNUSED_FUNCTION = YES;
				GCC_WARN_UNUSED_VARIABLE = YES;
				IPHONEOS_DEPLOYMENT_TARGET = 9.3;
				MTL_ENABLE_DEBUG_INFO = YES;
				ONLY_ACTIVE_ARCH = YES;
				SDKROOT = iphoneos;
				SWIFT_OPTIMIZATION_LEVEL = "-Onone";
				TARGETED_DEVICE_FAMILY = "1,2";
			};
			name = Debug;
		};
		AFC2A7E41CC3786400FC6AFA /* Release */ = {
			isa = XCBuildConfiguration;
			buildSettings = {
				ALWAYS_SEARCH_USER_PATHS = NO;
				CLANG_ANALYZER_NONNULL = YES;
				CLANG_CXX_LANGUAGE_STANDARD = "gnu++0x";
				CLANG_CXX_LIBRARY = "libc++";
				CLANG_ENABLE_MODULES = YES;
				CLANG_ENABLE_OBJC_ARC = YES;
				CLANG_WARN_BLOCK_CAPTURE_AUTORELEASING = YES;
				CLANG_WARN_BOOL_CONVERSION = YES;
				CLANG_WARN_COMMA = YES;
				CLANG_WARN_CONSTANT_CONVERSION = YES;
				CLANG_WARN_DIRECT_OBJC_ISA_USAGE = YES_ERROR;
				CLANG_WARN_EMPTY_BODY = YES;
				CLANG_WARN_ENUM_CONVERSION = YES;
				CLANG_WARN_INFINITE_RECURSION = YES;
				CLANG_WARN_INT_CONVERSION = YES;
				CLANG_WARN_NON_LITERAL_NULL_CONVERSION = YES;
				CLANG_WARN_OBJC_LITERAL_CONVERSION = YES;
				CLANG_WARN_OBJC_ROOT_CLASS = YES_ERROR;
				CLANG_WARN_RANGE_LOOP_ANALYSIS = YES;
				CLANG_WARN_STRICT_PROTOTYPES = YES;
				CLANG_WARN_SUSPICIOUS_MOVE = YES;
				CLANG_WARN_UNREACHABLE_CODE = YES;
				CLANG_WARN__DUPLICATE_METHOD_MATCH = YES;
				"CODE_SIGN_IDENTITY[sdk=iphoneos*]" = "iPhone Developer";
				COPY_PHASE_STRIP = NO;
				DEBUG_INFORMATION_FORMAT = "dwarf-with-dsym";
				ENABLE_NS_ASSERTIONS = NO;
				ENABLE_STRICT_OBJC_MSGSEND = YES;
				GCC_C_LANGUAGE_STANDARD = gnu99;
				GCC_NO_COMMON_BLOCKS = YES;
				GCC_WARN_64_TO_32_BIT_CONVERSION = YES;
				GCC_WARN_ABOUT_RETURN_TYPE = YES_ERROR;
				GCC_WARN_UNDECLARED_SELECTOR = YES;
				GCC_WARN_UNINITIALIZED_AUTOS = YES_AGGRESSIVE;
				GCC_WARN_UNUSED_FUNCTION = YES;
				GCC_WARN_UNUSED_VARIABLE = YES;
				IPHONEOS_DEPLOYMENT_TARGET = 9.3;
				MTL_ENABLE_DEBUG_INFO = NO;
				SDKROOT = iphoneos;
				SWIFT_OPTIMIZATION_LEVEL = "-Owholemodule";
				TARGETED_DEVICE_FAMILY = "1,2";
				VALIDATE_PRODUCT = YES;
			};
			name = Release;
		};
		AFC2A7E61CC3786400FC6AFA /* Debug */ = {
			isa = XCBuildConfiguration;
			baseConfigurationReference = 776CC1AF4F6DFE0524472A20 /* Pods-SearchAlongTheRouteSample.debug.xcconfig */;
			buildSettings = {
				ASSETCATALOG_COMPILER_APPICON_NAME = AppIcon;
				DEVELOPMENT_TEAM = "";
				ENABLE_BITCODE = "$(inherited)";
				FRAMEWORK_SEARCH_PATHS = (
					"$(inherited)",
					$PODS_CONFIGURATION_BUILD_DIR/NOSTRASDK,
					"$PODS_CONFIGURATION_BUILD_DIR/ArcGIS-Runtime-SDK-iOS",
				);
				INFOPLIST_FILE = "$(SRCROOT)/SearchAlongTheRouteSample/Info.plist";
				LD_RUNPATH_SEARCH_PATHS = "$(inherited) @executable_path/Frameworks";
				OTHER_LDFLAGS = "$(inherited)";
				PRODUCT_BUNDLE_IDENTIFIER = nostrasdk.SearchAlongTheRouteSample;
				PRODUCT_NAME = "$(TARGET_NAME)";
				SWIFT_SWIFT3_OBJC_INFERENCE = Default;
				SWIFT_VERSION = 4.2;
			};
			name = Debug;
		};
		AFC2A7E71CC3786400FC6AFA /* Release */ = {
			isa = XCBuildConfiguration;
			baseConfigurationReference = 81C1B4441B37BF08B6F82B74 /* Pods-SearchAlongTheRouteSample.release.xcconfig */;
			buildSettings = {
				ASSETCATALOG_COMPILER_APPICON_NAME = AppIcon;
				DEVELOPMENT_TEAM = "";
				ENABLE_BITCODE = "$(inherited)";
				FRAMEWORK_SEARCH_PATHS = (
					"$(inherited)",
					$PODS_CONFIGURATION_BUILD_DIR/NOSTRASDK,
					"$PODS_CONFIGURATION_BUILD_DIR/ArcGIS-Runtime-SDK-iOS",
				);
				INFOPLIST_FILE = "$(SRCROOT)/SearchAlongTheRouteSample/Info.plist";
				LD_RUNPATH_SEARCH_PATHS = "$(inherited) @executable_path/Frameworks";
				OTHER_LDFLAGS = "$(inherited)";
				PRODUCT_BUNDLE_IDENTIFIER = nostrasdk.SearchAlongTheRouteSample;
				PRODUCT_NAME = "$(TARGET_NAME)";
				SWIFT_SWIFT3_OBJC_INFERENCE = Default;
				SWIFT_VERSION = 4.2;
			};
			name = Release;
		};
/* End XCBuildConfiguration section */

/* Begin XCConfigurationList section */
		AFC2A7CE1CC3786400FC6AFA /* Build configuration list for PBXProject "SearchAlongTheRouteSample" */ = {
			isa = XCConfigurationList;
			buildConfigurations = (
				AFC2A7E31CC3786400FC6AFA /* Debug */,
				AFC2A7E41CC3786400FC6AFA /* Release */,
			);
			defaultConfigurationIsVisible = 0;
			defaultConfigurationName = Release;
		};
		AFC2A7E51CC3786400FC6AFA /* Build configuration list for PBXNativeTarget "SearchAlongTheRouteSample" */ = {
			isa = XCConfigurationList;
			buildConfigurations = (
				AFC2A7E61CC3786400FC6AFA /* Debug */,
				AFC2A7E71CC3786400FC6AFA /* Release */,
			);
			defaultConfigurationIsVisible = 0;
			defaultConfigurationName = Release;
		};
/* End XCConfigurationList section */
	};
	rootObject = AFC2A7CB1CC3786400FC6AFA /* Project object */;
}
