// !$*UTF8*$!
{
	archiveVersion = 1;
	classes = {
	};
	objectVersion = 46;
	objects = {

/* Begin PBXBuildFile section */
		24DA82FB20208CD9A3772EF7 /* Pods_WeatherForcastSample.framework in Frameworks */ = {isa = PBXBuildFile; fileRef = 174F7F6F9FE5A8A9DB9FF8D6 /* Pods_WeatherForcastSample.framework */; };
		AFC2A8131CC378A500FC6AFA /* AppDelegate.swift in Sources */ = {isa = PBXBuildFile; fileRef = AFC2A8121CC378A500FC6AFA /* AppDelegate.swift */; };
		AFC2A8151CC378A500FC6AFA /* WeatherViewController.swift in Sources */ = {isa = PBXBuildFile; fileRef = AFC2A8141CC378A500FC6AFA /* WeatherViewController.swift */; };
		AFC2A8181CC378A500FC6AFA /* Main.storyboard in Resources */ = {isa = PBXBuildFile; fileRef = AFC2A8161CC378A500FC6AFA /* Main.storyboard */; };
		AFC2A81A1CC378A500FC6AFA /* Assets.xcassets in Resources */ = {isa = PBXBuildFile; fileRef = AFC2A8191CC378A500FC6AFA /* Assets.xcassets */; };
		AFC2A81D1CC378A500FC6AFA /* LaunchScreen.storyboard in Resources */ = {isa = PBXBuildFile; fileRef = AFC2A81B1CC378A500FC6AFA /* LaunchScreen.storyboard */; };
/* End PBXBuildFile section */

/* Begin PBXCopyFilesBuildPhase section */
		AF725C2F1CE81EB700A040AA /* Embed Frameworks */ = {
			isa = PBXCopyFilesBuildPhase;
			buildActionMask = 2147483647;
			dstPath = "";
			dstSubfolderSpec = 10;
			files = (
			);
			name = "Embed Frameworks";
			runOnlyForDeploymentPostprocessing = 0;
		};
/* End PBXCopyFilesBuildPhase section */

/* Begin PBXFileReference section */
		174F7F6F9FE5A8A9DB9FF8D6 /* Pods_WeatherForcastSample.framework */ = {isa = PBXFileReference; explicitFileType = wrapper.framework; includeInIndex = 0; path = Pods_WeatherForcastSample.framework; sourceTree = BUILT_PRODUCTS_DIR; };
		AFC2A80F1CC378A500FC6AFA /* WeatherForcastSample.app */ = {isa = PBXFileReference; explicitFileType = wrapper.application; includeInIndex = 0; path = WeatherForcastSample.app; sourceTree = BUILT_PRODUCTS_DIR; };
		AFC2A8121CC378A500FC6AFA /* AppDelegate.swift */ = {isa = PBXFileReference; lastKnownFileType = sourcecode.swift; path = AppDelegate.swift; sourceTree = "<group>"; };
		AFC2A8141CC378A500FC6AFA /* WeatherViewController.swift */ = {isa = PBXFileReference; lastKnownFileType = sourcecode.swift; path = WeatherViewController.swift; sourceTree = "<group>"; };
		AFC2A8171CC378A500FC6AFA /* Base */ = {isa = PBXFileReference; lastKnownFileType = file.storyboard; name = Base; path = Base.lproj/Main.storyboard; sourceTree = "<group>"; };
		AFC2A8191CC378A500FC6AFA /* Assets.xcassets */ = {isa = PBXFileReference; lastKnownFileType = folder.assetcatalog; path = Assets.xcassets; sourceTree = "<group>"; };
		AFC2A81C1CC378A500FC6AFA /* Base */ = {isa = PBXFileReference; lastKnownFileType = file.storyboard; name = Base; path = Base.lproj/LaunchScreen.storyboard; sourceTree = "<group>"; };
		AFC2A81E1CC378A500FC6AFA /* Info.plist */ = {isa = PBXFileReference; lastKnownFileType = text.plist.xml; path = Info.plist; sourceTree = "<group>"; };
		D39F2DF53600DC4C5D4AFD33 /* Pods-WeatherForcastSample.debug.xcconfig */ = {isa = PBXFileReference; includeInIndex = 1; lastKnownFileType = text.xcconfig; name = "Pods-WeatherForcastSample.debug.xcconfig"; path = "../Pods/Target Support Files/Pods-WeatherForcastSample/Pods-WeatherForcastSample.debug.xcconfig"; sourceTree = "<group>"; };
		F1C805B6F44E6944E5F53772 /* Pods-WeatherForcastSample.release.xcconfig */ = {isa = PBXFileReference; includeInIndex = 1; lastKnownFileType = text.xcconfig; name = "Pods-WeatherForcastSample.release.xcconfig"; path = "../Pods/Target Support Files/Pods-WeatherForcastSample/Pods-WeatherForcastSample.release.xcconfig"; sourceTree = "<group>"; };
/* End PBXFileReference section */

/* Begin PBXFrameworksBuildPhase section */
		AFC2A80C1CC378A500FC6AFA /* Frameworks */ = {
			isa = PBXFrameworksBuildPhase;
			buildActionMask = 2147483647;
			files = (
				24DA82FB20208CD9A3772EF7 /* Pods_WeatherForcastSample.framework in Frameworks */,
			);
			runOnlyForDeploymentPostprocessing = 0;
		};
/* End PBXFrameworksBuildPhase section */

/* Begin PBXGroup section */
		6C9577EDFD134215F172C45E /* Frameworks */ = {
			isa = PBXGroup;
			children = (
				174F7F6F9FE5A8A9DB9FF8D6 /* Pods_WeatherForcastSample.framework */,
			);
			name = Frameworks;
			sourceTree = "<group>";
		};
		AFC2A8061CC378A500FC6AFA = {
			isa = PBXGroup;
			children = (
				AFC2A8111CC378A500FC6AFA /* WeatherForcastSample */,
				AFC2A8101CC378A500FC6AFA /* Products */,
				B83E26EFC233791DB9C3D9DF /* Pods */,
				6C9577EDFD134215F172C45E /* Frameworks */,
			);
			sourceTree = "<group>";
		};
		AFC2A8101CC378A500FC6AFA /* Products */ = {
			isa = PBXGroup;
			children = (
				AFC2A80F1CC378A500FC6AFA /* WeatherForcastSample.app */,
			);
			name = Products;
			sourceTree = "<group>";
		};
		AFC2A8111CC378A500FC6AFA /* WeatherForcastSample */ = {
			isa = PBXGroup;
			children = (
				AFC2A8121CC378A500FC6AFA /* AppDelegate.swift */,
				AFC2A8141CC378A500FC6AFA /* WeatherViewController.swift */,
				AFC2A8161CC378A500FC6AFA /* Main.storyboard */,
				AFC2A8191CC378A500FC6AFA /* Assets.xcassets */,
				AFC2A81B1CC378A500FC6AFA /* LaunchScreen.storyboard */,
				AFC2A81E1CC378A500FC6AFA /* Info.plist */,
			);
			path = WeatherForcastSample;
			sourceTree = "<group>";
		};
		B83E26EFC233791DB9C3D9DF /* Pods */ = {
			isa = PBXGroup;
			children = (
				D39F2DF53600DC4C5D4AFD33 /* Pods-WeatherForcastSample.debug.xcconfig */,
				F1C805B6F44E6944E5F53772 /* Pods-WeatherForcastSample.release.xcconfig */,
			);
			name = Pods;
			sourceTree = "<group>";
		};
/* End PBXGroup section */

/* Begin PBXNativeTarget section */
		AFC2A80E1CC378A500FC6AFA /* WeatherForcastSample */ = {
			isa = PBXNativeTarget;
			buildConfigurationList = AFC2A8211CC378A500FC6AFA /* Build configuration list for PBXNativeTarget "WeatherForcastSample" */;
			buildPhases = (
				AA513ECA492F2F386DB793ED /* [CP] Check Pods Manifest.lock */,
				AFC2A80B1CC378A500FC6AFA /* Sources */,
				AFC2A80C1CC378A500FC6AFA /* Frameworks */,
				AFC2A80D1CC378A500FC6AFA /* Resources */,
				AF725C2F1CE81EB700A040AA /* Embed Frameworks */,
				26FE4F8FCC3D8E2A4CBE4477 /* [CP] Embed Pods Frameworks */,
				DBF270348C02283CB3D4FADA /* [CP] Copy Pods Resources */,
			);
			buildRules = (
			);
			dependencies = (
			);
			name = WeatherForcastSample;
			productName = WeatherForcastSample;
			productReference = AFC2A80F1CC378A500FC6AFA /* WeatherForcastSample.app */;
			productType = "com.apple.product-type.application";
		};
/* End PBXNativeTarget section */

/* Begin PBXProject section */
		AFC2A8071CC378A500FC6AFA /* Project object */ = {
			isa = PBXProject;
			attributes = {
				LastSwiftUpdateCheck = 0730;
				LastUpgradeCheck = 0900;
				ORGANIZATIONNAME = gissoft;
				TargetAttributes = {
					AFC2A80E1CC378A500FC6AFA = {
						CreatedOnToolsVersion = 7.3;
						LastSwiftMigration = 0900;
					};
				};
			};
			buildConfigurationList = AFC2A80A1CC378A500FC6AFA /* Build configuration list for PBXProject "WeatherForcastSample" */;
			compatibilityVersion = "Xcode 3.2";
			developmentRegion = English;
			hasScannedForEncodings = 0;
			knownRegions = (
				en,
				Base,
			);
			mainGroup = AFC2A8061CC378A500FC6AFA;
			productRefGroup = AFC2A8101CC378A500FC6AFA /* Products */;
			projectDirPath = "";
			projectRoot = "";
			targets = (
				AFC2A80E1CC378A500FC6AFA /* WeatherForcastSample */,
			);
		};
/* End PBXProject section */

/* Begin PBXResourcesBuildPhase section */
		AFC2A80D1CC378A500FC6AFA /* Resources */ = {
			isa = PBXResourcesBuildPhase;
			buildActionMask = 2147483647;
			files = (
				AFC2A81D1CC378A500FC6AFA /* LaunchScreen.storyboard in Resources */,
				AFC2A81A1CC378A500FC6AFA /* Assets.xcassets in Resources */,
				AFC2A8181CC378A500FC6AFA /* Main.storyboard in Resources */,
			);
			runOnlyForDeploymentPostprocessing = 0;
		};
/* End PBXResourcesBuildPhase section */

/* Begin PBXShellScriptBuildPhase section */
		26FE4F8FCC3D8E2A4CBE4477 /* [CP] Embed Pods Frameworks */ = {
			isa = PBXShellScriptBuildPhase;
			buildActionMask = 2147483647;
			files = (
			);
			inputPaths = (
				"${SRCROOT}/../Pods/Target Support Files/Pods-WeatherForcastSample/Pods-WeatherForcastSample-frameworks.sh",
				"${PODS_ROOT}/NOSTRASDK/NOSTRASDK.framework",
			);
			name = "[CP] Embed Pods Frameworks";
			outputPaths = (
				"${TARGET_BUILD_DIR}/${FRAMEWORKS_FOLDER_PATH}/NOSTRASDK.framework",
			);
			runOnlyForDeploymentPostprocessing = 0;
			shellPath = /bin/sh;
			shellScript = "\"${SRCROOT}/../Pods/Target Support Files/Pods-WeatherForcastSample/Pods-WeatherForcastSample-frameworks.sh\"\n";
			showEnvVarsInLog = 0;
		};
		AA513ECA492F2F386DB793ED /* [CP] Check Pods Manifest.lock */ = {
			isa = PBXShellScriptBuildPhase;
			buildActionMask = 2147483647;
			files = (
			);
			inputPaths = (
				"${PODS_PODFILE_DIR_PATH}/Podfile.lock",
				"${PODS_ROOT}/Manifest.lock",
			);
			name = "[CP] Check Pods Manifest.lock";
			outputPaths = (
				"$(DERIVED_FILE_DIR)/Pods-WeatherForcastSample-checkManifestLockResult.txt",
			);
			runOnlyForDeploymentPostprocessing = 0;
			shellPath = /bin/sh;
			shellScript = "diff \"${PODS_PODFILE_DIR_PATH}/Podfile.lock\" \"${PODS_ROOT}/Manifest.lock\" > /dev/null\nif [ $? != 0 ] ; then\n    # print error to STDERR\n    echo \"error: The sandbox is not in sync with the Podfile.lock. Run 'pod install' or update your CocoaPods installation.\" >&2\n    exit 1\nfi\n# This output is used by Xcode 'outputs' to avoid re-running this script phase.\necho \"SUCCESS\" > \"${SCRIPT_OUTPUT_FILE_0}\"\n";
			showEnvVarsInLog = 0;
		};
		DBF270348C02283CB3D4FADA /* [CP] Copy Pods Resources */ = {
			isa = PBXShellScriptBuildPhase;
			buildActionMask = 2147483647;
			files = (
			);
			inputPaths = (
				"${SRCROOT}/../Pods/Target Support Files/Pods-WeatherForcastSample/Pods-WeatherForcastSample-resources.sh",
				"${PODS_ROOT}/ArcGIS-Runtime-SDK-iOS/ArcGIS.framework/Versions/Current/Resources/ArcGIS.bundle",
			);
			name = "[CP] Copy Pods Resources";
			outputPaths = (
				"${TARGET_BUILD_DIR}/${UNLOCALIZED_RESOURCES_FOLDER_PATH}/ArcGIS.bundle",
			);
			runOnlyForDeploymentPostprocessing = 0;
			shellPath = /bin/sh;
			shellScript = "\"${SRCROOT}/../Pods/Target Support Files/Pods-WeatherForcastSample/Pods-WeatherForcastSample-resources.sh\"\n";
			showEnvVarsInLog = 0;
		};
/* End PBXShellScriptBuildPhase section */

/* Begin PBXSourcesBuildPhase section */
		AFC2A80B1CC378A500FC6AFA /* Sources */ = {
			isa = PBXSourcesBuildPhase;
			buildActionMask = 2147483647;
			files = (
				AFC2A8151CC378A500FC6AFA /* WeatherViewController.swift in Sources */,
				AFC2A8131CC378A500FC6AFA /* AppDelegate.swift in Sources */,
			);
			runOnlyForDeploymentPostprocessing = 0;
		};
/* End PBXSourcesBuildPhase section */

/* Begin PBXVariantGroup section */
		AFC2A8161CC378A500FC6AFA /* Main.storyboard */ = {
			isa = PBXVariantGroup;
			children = (
				AFC2A8171CC378A500FC6AFA /* Base */,
			);
			name = Main.storyboard;
			sourceTree = "<group>";
		};
		AFC2A81B1CC378A500FC6AFA /* LaunchScreen.storyboard */ = {
			isa = PBXVariantGroup;
			children = (
				AFC2A81C1CC378A500FC6AFA /* Base */,
			);
			name = LaunchScreen.storyboard;
			sourceTree = "<group>";
		};
/* End PBXVariantGroup section */

/* Begin XCBuildConfiguration section */
		AFC2A81F1CC378A500FC6AFA /* Debug */ = {
			isa = XCBuildConfiguration;
			buildSettings = {
				ALWAYS_SEARCH_USER_PATHS = NO;
				CLANG_ANALYZER_NONNULL = YES;
				CLANG_CXX_LANGUAGE_STANDARD = "gnu++0x";
				CLANG_CXX_LIBRARY = "libc++";
				CLANG_ENABLE_MODULES = YES;
				CLANG_ENABLE_OBJC_ARC = YES;
				CLANG_WARN_BLOCK_CAPTURE_AUTORELEASING = YES;
				CLANG_WARN_BOOL_CONVERSION = YES;
				CLANG_WARN_COMMA = YES;
				CLANG_WARN_CONSTANT_CONVERSION = YES;
				CLANG_WARN_DIRECT_OBJC_ISA_USAGE = YES_ERROR;
				CLANG_WARN_EMPTY_BODY = YES;
				CLANG_WARN_ENUM_CONVERSION = YES;
				CLANG_WARN_INFINITE_RECURSION = YES;
				CLANG_WARN_INT_CONVERSION = YES;
				CLANG_WARN_NON_LITERAL_NULL_CONVERSION = YES;
				CLANG_WARN_OBJC_LITERAL_CONVERSION = YES;
				CLANG_WARN_OBJC_ROOT_CLASS = YES_ERROR;
				CLANG_WARN_RANGE_LOOP_ANALYSIS = YES;
				CLANG_WARN_STRICT_PROTOTYPES = YES;
				CLANG_WARN_SUSPICIOUS_MOVE = YES;
				CLANG_WARN_UNREACHABLE_CODE = YES;
				CLANG_WARN__DUPLICATE_METHOD_MATCH = YES;
				"CODE_SIGN_IDENTITY[sdk=iphoneos*]" = "iPhone Developer";
				COPY_PHASE_STRIP = NO;
				DEBUG_INFORMATION_FORMAT = dwarf;
				ENABLE_STRICT_OBJC_MSGSEND = YES;
				ENABLE_TESTABILITY = YES;
				GCC_C_LANGUAGE_STANDARD = gnu99;
				GCC_DYNAMIC_NO_PIC = NO;
				GCC_NO_COMMON_BLOCKS = YES;
				GCC_OPTIMIZATION_LEVEL = 0;
				GCC_PREPROCESSOR_DEFINITIONS = (
					"DEBUG=1",
					"$(inherited)",
				);
				GCC_WARN_64_TO_32_BIT_CONVERSION = YES;
				GCC_WARN_ABOUT_RETURN_TYPE = YES_ERROR;
				GCC_WARN_UNDECLARED_SELECTOR = YES;
				GCC_WARN_UNINITIALIZED_AUTOS = YES_AGGRESSIVE;
				GCC_WARN_UNUSED_FUNCTION = YES;
				GCC_WARN_UNUSED_VARIABLE = YES;
				IPHONEOS_DEPLOYMENT_TARGET = 9.3;
				MTL_ENABLE_DEBUG_INFO = YES;
				ONLY_ACTIVE_ARCH = YES;
				SDKROOT = iphoneos;
				SWIFT_OPTIMIZATION_LEVEL = "-Onone";
				TARGETED_DEVICE_FAMILY = "1,2";
			};
			name = Debug;
		};
		AFC2A8201CC378A500FC6AFA /* Release */ = {
			isa = XCBuildConfiguration;
			buildSettings = {
				ALWAYS_SEARCH_USER_PATHS = NO;
				CLANG_ANALYZER_NONNULL = YES;
				CLANG_CXX_LANGUAGE_STANDARD = "gnu++0x";
				CLANG_CXX_LIBRARY = "libc++";
				CLANG_ENABLE_MODULES = YES;
				CLANG_ENABLE_OBJC_ARC = YES;
				CLANG_WARN_BLOCK_CAPTURE_AUTORELEASING = YES;
				CLANG_WARN_BOOL_CONVERSION = YES;
				CLANG_WARN_COMMA = YES;
				CLANG_WARN_CONSTANT_CONVERSION = YES;
				CLANG_WARN_DIRECT_OBJC_ISA_USAGE = YES_ERROR;
				CLANG_WARN_EMPTY_BODY = YES;
				CLANG_WARN_ENUM_CONVERSION = YES;
				CLANG_WARN_INFINITE_RECURSION = YES;
				CLANG_WARN_INT_CONVERSION = YES;
				CLANG_WARN_NON_LITERAL_NULL_CONVERSION = YES;
				CLANG_WARN_OBJC_LITERAL_CONVERSION = YES;
				CLANG_WARN_OBJC_ROOT_CLASS = YES_ERROR;
				CLANG_WARN_RANGE_LOOP_ANALYSIS = YES;
				CLANG_WARN_STRICT_PROTOTYPES = YES;
				CLANG_WARN_SUSPICIOUS_MOVE = YES;
				CLANG_WARN_UNREACHABLE_CODE = YES;
				CLANG_WARN__DUPLICATE_METHOD_MATCH = YES;
				"CODE_SIGN_IDENTITY[sdk=iphoneos*]" = "iPhone Developer";
				COPY_PHASE_STRIP = NO;
				DEBUG_INFORMATION_FORMAT = "dwarf-with-dsym";
				ENABLE_NS_ASSERTIONS = NO;
				ENABLE_STRICT_OBJC_MSGSEND = YES;
				GCC_C_LANGUAGE_STANDARD = gnu99;
				GCC_NO_COMMON_BLOCKS = YES;
				GCC_WARN_64_TO_32_BIT_CONVERSION = YES;
				GCC_WARN_ABOUT_RETURN_TYPE = YES_ERROR;
				GCC_WARN_UNDECLARED_SELECTOR = YES;
				GCC_WARN_UNINITIALIZED_AUTOS = YES_AGGRESSIVE;
				GCC_WARN_UNUSED_FUNCTION = YES;
				GCC_WARN_UNUSED_VARIABLE = YES;
				IPHONEOS_DEPLOYMENT_TARGET = 9.3;
				MTL_ENABLE_DEBUG_INFO = NO;
				SDKROOT = iphoneos;
				SWIFT_OPTIMIZATION_LEVEL = "-Owholemodule";
				TARGETED_DEVICE_FAMILY = "1,2";
				VALIDATE_PRODUCT = YES;
			};
			name = Release;
		};
		AFC2A8221CC378A500FC6AFA /* Debug */ = {
			isa = XCBuildConfiguration;
			baseConfigurationReference = D39F2DF53600DC4C5D4AFD33 /* Pods-WeatherForcastSample.debug.xcconfig */;
			buildSettings = {
				ASSETCATALOG_COMPILER_APPICON_NAME = AppIcon;
				DEVELOPMENT_TEAM = "";
				ENABLE_BITCODE = NO;
				FRAMEWORK_SEARCH_PATHS = (
					"$(inherited)",
					"$PODS_CONFIGURATION_BUILD_DIR/NOSTRASDK",
					"$PODS_CONFIGURATION_BUILD_DIR/ArcGIS-Runtime-SDK-iOS",
				);
				INFOPLIST_FILE = WeatherForcastSample/Info.plist;
				LD_RUNPATH_SEARCH_PATHS = "$(inherited) @executable_path/Frameworks";
				OTHER_LDFLAGS = "$(inherited)";
				PRODUCT_BUNDLE_IDENTIFIER = nostrasdk.WeatherForcastSample;
				PRODUCT_NAME = "$(TARGET_NAME)";
				SWIFT_SWIFT3_OBJC_INFERENCE = Default;
				SWIFT_VERSION = 4.0;
			};
			name = Debug;
		};
		AFC2A8231CC378A500FC6AFA /* Release */ = {
			isa = XCBuildConfiguration;
			baseConfigurationReference = F1C805B6F44E6944E5F53772 /* Pods-WeatherForcastSample.release.xcconfig */;
			buildSettings = {
				ASSETCATALOG_COMPILER_APPICON_NAME = AppIcon;
				DEVELOPMENT_TEAM = "";
				ENABLE_BITCODE = NO;
				FRAMEWORK_SEARCH_PATHS = (
					"$(inherited)",
					"$PODS_CONFIGURATION_BUILD_DIR/NOSTRASDK",
					"$PODS_CONFIGURATION_BUILD_DIR/ArcGIS-Runtime-SDK-iOS",
				);
				INFOPLIST_FILE = WeatherForcastSample/Info.plist;
				LD_RUNPATH_SEARCH_PATHS = "$(inherited) @executable_path/Frameworks";
				OTHER_LDFLAGS = "$(inherited)";
				PRODUCT_BUNDLE_IDENTIFIER = nostrasdk.WeatherForcastSample;
				PRODUCT_NAME = "$(TARGET_NAME)";
				SWIFT_SWIFT3_OBJC_INFERENCE = Default;
				SWIFT_VERSION = 4.0;
			};
			name = Release;
		};
/* End XCBuildConfiguration section */

/* Begin XCConfigurationList section */
		AFC2A80A1CC378A500FC6AFA /* Build configuration list for PBXProject "WeatherForcastSample" */ = {
			isa = XCConfigurationList;
			buildConfigurations = (
				AFC2A81F1CC378A500FC6AFA /* Debug */,
				AFC2A8201CC378A500FC6AFA /* Release */,
			);
			defaultConfigurationIsVisible = 0;
			defaultConfigurationName = Release;
		};
		AFC2A8211CC378A500FC6AFA /* Build configuration list for PBXNativeTarget "WeatherForcastSample" */ = {
			isa = XCConfigurationList;
			buildConfigurations = (
				AFC2A8221CC378A500FC6AFA /* Debug */,
				AFC2A8231CC378A500FC6AFA /* Release */,
			);
			defaultConfigurationIsVisible = 0;
			defaultConfigurationName = Release;
		};
/* End XCConfigurationList section */
	};
	rootObject = AFC2A8071CC378A500FC6AFA /* Project object */;
}
