// !$*UTF8*$!
{
	archiveVersion = 1;
	classes = {
	};
	objectVersion = 46;
	objects = {

/* Begin PBXBuildFile section */
		AF725C571CE88F1200A040AA /* FuelAdminPolyViewController.swift in Sources */ = {isa = PBXBuildFile; fileRef = AF725C561CE88F1200A040AA /* FuelAdminPolyViewController.swift */; };
		AF725C591CE88F1F00A040AA /* FuelMapViewController.swift in Sources */ = {isa = PBXBuildFile; fileRef = AF725C581CE88F1F00A040AA /* FuelMapViewController.swift */; };
		AF725C5B1CE88F3200A040AA /* FuelResultVenderViewController.swift in Sources */ = {isa = PBXBuildFile; fileRef = AF725C5A1CE88F3200A040AA /* FuelResultVenderViewController.swift */; };
		AF725C5D1CE88F4600A040AA /* FuelListAdminPolyViewController.swift in Sources */ = {isa = PBXBuildFile; fileRef = AF725C5C1CE88F4600A040AA /* FuelListAdminPolyViewController.swift */; };
		AF725C5F1CE88F6D00A040AA /* FuelResultPriceViewController.swift in Sources */ = {isa = PBXBuildFile; fileRef = AF725C5E1CE88F6D00A040AA /* FuelResultPriceViewController.swift */; };
		AFC2A8311CC378BB00FC6AFA /* AppDelegate.swift in Sources */ = {isa = PBXBuildFile; fileRef = AFC2A8301CC378BB00FC6AFA /* AppDelegate.swift */; };
		AFC2A8361CC378BB00FC6AFA /* Main.storyboard in Resources */ = {isa = PBXBuildFile; fileRef = AFC2A8341CC378BB00FC6AFA /* Main.storyboard */; };
		AFC2A8381CC378BB00FC6AFA /* Assets.xcassets in Resources */ = {isa = PBXBuildFile; fileRef = AFC2A8371CC378BB00FC6AFA /* Assets.xcassets */; };
		AFC2A83B1CC378BB00FC6AFA /* LaunchScreen.storyboard in Resources */ = {isa = PBXBuildFile; fileRef = AFC2A8391CC378BB00FC6AFA /* LaunchScreen.storyboard */; };
		C4B6210BCB79CA55F04C50CF /* Pods_FuelSample.framework in Frameworks */ = {isa = PBXBuildFile; fileRef = 6337D677B8F98C62E4292A5E /* Pods_FuelSample.framework */; };
/* End PBXBuildFile section */

/* Begin PBXCopyFilesBuildPhase section */
		AF725C621CE88F7500A040AA /* Embed Frameworks */ = {
			isa = PBXCopyFilesBuildPhase;
			buildActionMask = 2147483647;
			dstPath = "";
			dstSubfolderSpec = 10;
			files = (
			);
			name = "Embed Frameworks";
			runOnlyForDeploymentPostprocessing = 0;
		};
/* End PBXCopyFilesBuildPhase section */

/* Begin PBXFileReference section */
		2BC2B556B592251D3C236210 /* Pods-FuelSample.release.xcconfig */ = {isa = PBXFileReference; includeInIndex = 1; lastKnownFileType = text.xcconfig; name = "Pods-FuelSample.release.xcconfig"; path = "../Pods/Target Support Files/Pods-FuelSample/Pods-FuelSample.release.xcconfig"; sourceTree = "<group>"; };
		6337D677B8F98C62E4292A5E /* Pods_FuelSample.framework */ = {isa = PBXFileReference; explicitFileType = wrapper.framework; includeInIndex = 0; path = Pods_FuelSample.framework; sourceTree = BUILT_PRODUCTS_DIR; };
		AF725C561CE88F1200A040AA /* FuelAdminPolyViewController.swift */ = {isa = PBXFileReference; fileEncoding = 4; lastKnownFileType = sourcecode.swift; path = FuelAdminPolyViewController.swift; sourceTree = "<group>"; };
		AF725C581CE88F1F00A040AA /* FuelMapViewController.swift */ = {isa = PBXFileReference; fileEncoding = 4; lastKnownFileType = sourcecode.swift; path = FuelMapViewController.swift; sourceTree = "<group>"; };
		AF725C5A1CE88F3200A040AA /* FuelResultVenderViewController.swift */ = {isa = PBXFileReference; fileEncoding = 4; lastKnownFileType = sourcecode.swift; path = FuelResultVenderViewController.swift; sourceTree = "<group>"; };
		AF725C5C1CE88F4600A040AA /* FuelListAdminPolyViewController.swift */ = {isa = PBXFileReference; fileEncoding = 4; lastKnownFileType = sourcecode.swift; path = FuelListAdminPolyViewController.swift; sourceTree = "<group>"; };
		AF725C5E1CE88F6D00A040AA /* FuelResultPriceViewController.swift */ = {isa = PBXFileReference; fileEncoding = 4; lastKnownFileType = sourcecode.swift; path = FuelResultPriceViewController.swift; sourceTree = "<group>"; };
		AFC2A82D1CC378BB00FC6AFA /* FuelSample.app */ = {isa = PBXFileReference; explicitFileType = wrapper.application; includeInIndex = 0; path = FuelSample.app; sourceTree = BUILT_PRODUCTS_DIR; };
		AFC2A8301CC378BB00FC6AFA /* AppDelegate.swift */ = {isa = PBXFileReference; lastKnownFileType = sourcecode.swift; path = AppDelegate.swift; sourceTree = "<group>"; };
		AFC2A8351CC378BB00FC6AFA /* Base */ = {isa = PBXFileReference; lastKnownFileType = file.storyboard; name = Base; path = Base.lproj/Main.storyboard; sourceTree = "<group>"; };
		AFC2A8371CC378BB00FC6AFA /* Assets.xcassets */ = {isa = PBXFileReference; lastKnownFileType = folder.assetcatalog; path = Assets.xcassets; sourceTree = "<group>"; };
		AFC2A83A1CC378BB00FC6AFA /* Base */ = {isa = PBXFileReference; lastKnownFileType = file.storyboard; name = Base; path = Base.lproj/LaunchScreen.storyboard; sourceTree = "<group>"; };
		AFC2A83C1CC378BB00FC6AFA /* Info.plist */ = {isa = PBXFileReference; lastKnownFileType = text.plist.xml; path = Info.plist; sourceTree = "<group>"; };
		BD94924A5DC0545CC4CF6D01 /* Pods-FuelSample.debug.xcconfig */ = {isa = PBXFileReference; includeInIndex = 1; lastKnownFileType = text.xcconfig; name = "Pods-FuelSample.debug.xcconfig"; path = "../Pods/Target Support Files/Pods-FuelSample/Pods-FuelSample.debug.xcconfig"; sourceTree = "<group>"; };
/* End PBXFileReference section */

/* Begin PBXFrameworksBuildPhase section */
		AFC2A82A1CC378BB00FC6AFA /* Frameworks */ = {
			isa = PBXFrameworksBuildPhase;
			buildActionMask = 2147483647;
			files = (
				C4B6210BCB79CA55F04C50CF /* Pods_FuelSample.framework in Frameworks */,
			);
			runOnlyForDeploymentPostprocessing = 0;
		};
/* End PBXFrameworksBuildPhase section */

/* Begin PBXGroup section */
		4024C21698FA5D7D7D2BFE3C /* Pods */ = {
			isa = PBXGroup;
			children = (
				BD94924A5DC0545CC4CF6D01 /* Pods-FuelSample.debug.xcconfig */,
				2BC2B556B592251D3C236210 /* Pods-FuelSample.release.xcconfig */,
			);
			name = Pods;
			sourceTree = "<group>";
		};
		97C1A3F7094E9DFF57EB4AB0 /* Frameworks */ = {
			isa = PBXGroup;
			children = (
				6337D677B8F98C62E4292A5E /* Pods_FuelSample.framework */,
			);
			name = Frameworks;
			sourceTree = "<group>";
		};
		AFC2A8241CC378BB00FC6AFA = {
			isa = PBXGroup;
			children = (
				AFC2A82F1CC378BB00FC6AFA /* FuelSample */,
				AFC2A82E1CC378BB00FC6AFA /* Products */,
				4024C21698FA5D7D7D2BFE3C /* Pods */,
				97C1A3F7094E9DFF57EB4AB0 /* Frameworks */,
			);
			sourceTree = "<group>";
		};
		AFC2A82E1CC378BB00FC6AFA /* Products */ = {
			isa = PBXGroup;
			children = (
				AFC2A82D1CC378BB00FC6AFA /* FuelSample.app */,
			);
			name = Products;
			sourceTree = "<group>";
		};
		AFC2A82F1CC378BB00FC6AFA /* FuelSample */ = {
			isa = PBXGroup;
			children = (
				AFC2A8301CC378BB00FC6AFA /* AppDelegate.swift */,
				AFC2A8341CC378BB00FC6AFA /* Main.storyboard */,
				AFC2A8371CC378BB00FC6AFA /* Assets.xcassets */,
				AFC2A8391CC378BB00FC6AFA /* LaunchScreen.storyboard */,
				AFC2A83C1CC378BB00FC6AFA /* Info.plist */,
				AF725C561CE88F1200A040AA /* FuelAdminPolyViewController.swift */,
				AF725C581CE88F1F00A040AA /* FuelMapViewController.swift */,
				AF725C5A1CE88F3200A040AA /* FuelResultVenderViewController.swift */,
				AF725C5C1CE88F4600A040AA /* FuelListAdminPolyViewController.swift */,
				AF725C5E1CE88F6D00A040AA /* FuelResultPriceViewController.swift */,
			);
			path = FuelSample;
			sourceTree = "<group>";
		};
/* End PBXGroup section */

/* Begin PBXNativeTarget section */
		AFC2A82C1CC378BB00FC6AFA /* FuelSample */ = {
			isa = PBXNativeTarget;
			buildConfigurationList = AFC2A83F1CC378BB00FC6AFA /* Build configuration list for PBXNativeTarget "FuelSample" */;
			buildPhases = (
				58721987FE021E9A7873878A /* [CP] Check Pods Manifest.lock */,
				AFC2A8291CC378BB00FC6AFA /* Sources */,
				AFC2A82A1CC378BB00FC6AFA /* Frameworks */,
				AFC2A82B1CC378BB00FC6AFA /* Resources */,
				AF725C621CE88F7500A040AA /* Embed Frameworks */,
				57A0CE8B33C278694231916B /* [CP] Embed Pods Frameworks */,
				71BD658B6E1BFFC997455D36 /* [CP] Copy Pods Resources */,
			);
			buildRules = (
			);
			dependencies = (
			);
			name = FuelSample;
			productName = FuelSample;
			productReference = AFC2A82D1CC378BB00FC6AFA /* FuelSample.app */;
			productType = "com.apple.product-type.application";
		};
/* End PBXNativeTarget section */

/* Begin PBXProject section */
		AFC2A8251CC378BB00FC6AFA /* Project object */ = {
			isa = PBXProject;
			attributes = {
				LastSwiftUpdateCheck = 0730;
				LastUpgradeCheck = 0900;
				ORGANIZATIONNAME = gissoft;
				TargetAttributes = {
					AFC2A82C1CC378BB00FC6AFA = {
						CreatedOnToolsVersion = 7.3;
						LastSwiftMigration = 0900;
					};
				};
			};
			buildConfigurationList = AFC2A8281CC378BB00FC6AFA /* Build configuration list for PBXProject "FuelSample" */;
			compatibilityVersion = "Xcode 3.2";
			developmentRegion = English;
			hasScannedForEncodings = 0;
			knownRegions = (
				English,
				en,
				Base,
			);
			mainGroup = AFC2A8241CC378BB00FC6AFA;
			productRefGroup = AFC2A82E1CC378BB00FC6AFA /* Products */;
			projectDirPath = "";
			projectRoot = "";
			targets = (
				AFC2A82C1CC378BB00FC6AFA /* FuelSample */,
			);
		};
/* End PBXProject section */

/* Begin PBXResourcesBuildPhase section */
		AFC2A82B1CC378BB00FC6AFA /* Resources */ = {
			isa = PBXResourcesBuildPhase;
			buildActionMask = 2147483647;
			files = (
				AFC2A83B1CC378BB00FC6AFA /* LaunchScreen.storyboard in Resources */,
				AFC2A8381CC378BB00FC6AFA /* Assets.xcassets in Resources */,
				AFC2A8361CC378BB00FC6AFA /* Main.storyboard in Resources */,
			);
			runOnlyForDeploymentPostprocessing = 0;
		};
/* End PBXResourcesBuildPhase section */

/* Begin PBXShellScriptBuildPhase section */
		57A0CE8B33C278694231916B /* [CP] Embed Pods Frameworks */ = {
			isa = PBXShellScriptBuildPhase;
			buildActionMask = 2147483647;
			files = (
			);
			inputPaths = (
				"${PODS_ROOT}/Target Support Files/Pods-FuelSample/Pods-FuelSample-frameworks.sh",
				"${PODS_ROOT}/NOSTRASDK/NOSTRASDK.framework",
			);
			name = "[CP] Embed Pods Frameworks";
			outputPaths = (
				"${TARGET_BUILD_DIR}/${FRAMEWORKS_FOLDER_PATH}/NOSTRASDK.framework",
			);
			runOnlyForDeploymentPostprocessing = 0;
			shellPath = /bin/sh;
			shellScript = "\"${PODS_ROOT}/Target Support Files/Pods-FuelSample/Pods-FuelSample-frameworks.sh\"\n";
			showEnvVarsInLog = 0;
		};
		58721987FE021E9A7873878A /* [CP] Check Pods Manifest.lock */ = {
			isa = PBXShellScriptBuildPhase;
			buildActionMask = 2147483647;
			files = (
			);
			inputPaths = (
				"${PODS_PODFILE_DIR_PATH}/Podfile.lock",
				"${PODS_ROOT}/Manifest.lock",
			);
			name = "[CP] Check Pods Manifest.lock";
			outputPaths = (
				"$(DERIVED_FILE_DIR)/Pods-FuelSample-checkManifestLockResult.txt",
			);
			runOnlyForDeploymentPostprocessing = 0;
			shellPath = /bin/sh;
			shellScript = "diff \"${PODS_PODFILE_DIR_PATH}/Podfile.lock\" \"${PODS_ROOT}/Manifest.lock\" > /dev/null\nif [ $? != 0 ] ; then\n    # print error to STDERR\n    echo \"error: The sandbox is not in sync with the Podfile.lock. Run 'pod install' or update your CocoaPods installation.\" >&2\n    exit 1\nfi\n# This output is used by Xcode 'outputs' to avoid re-running this script phase.\necho \"SUCCESS\" > \"${SCRIPT_OUTPUT_FILE_0}\"\n";
			showEnvVarsInLog = 0;
		};
		71BD658B6E1BFFC997455D36 /* [CP] Copy Pods Resources */ = {
			isa = PBXShellScriptBuildPhase;
			buildActionMask = 2147483647;
			files = (
			);
			inputPaths = (
				"${PODS_ROOT}/Target Support Files/Pods-FuelSample/Pods-FuelSample-resources.sh",
				"${PODS_ROOT}/ArcGIS-Runtime-SDK-iOS/ArcGIS.framework/Versions/Current/Resources/ArcGIS.bundle",
			);
			name = "[CP] Copy Pods Resources";
			outputPaths = (
				"${TARGET_BUILD_DIR}/${UNLOCALIZED_RESOURCES_FOLDER_PATH}/ArcGIS.bundle",
			);
			runOnlyForDeploymentPostprocessing = 0;
			shellPath = /bin/sh;
			shellScript = "\"${PODS_ROOT}/Target Support Files/Pods-FuelSample/Pods-FuelSample-resources.sh\"\n";
			showEnvVarsInLog = 0;
		};
/* End PBXShellScriptBuildPhase section */

/* Begin PBXSourcesBuildPhase section */
		AFC2A8291CC378BB00FC6AFA /* Sources */ = {
			isa = PBXSourcesBuildPhase;
			buildActionMask = 2147483647;
			files = (
				AF725C571CE88F1200A040AA /* FuelAdminPolyViewController.swift in Sources */,
				AFC2A8311CC378BB00FC6AFA /* AppDelegate.swift in Sources */,
				AF725C591CE88F1F00A040AA /* FuelMapViewController.swift in Sources */,
				AF725C5D1CE88F4600A040AA /* FuelListAdminPolyViewController.swift in Sources */,
				AF725C5B1CE88F3200A040AA /* FuelResultVenderViewController.swift in Sources */,
				AF725C5F1CE88F6D00A040AA /* FuelResultPriceViewController.swift in Sources */,
			);
			runOnlyForDeploymentPostprocessing = 0;
		};
/* End PBXSourcesBuildPhase section */

/* Begin PBXVariantGroup section */
		AFC2A8341CC378BB00FC6AFA /* Main.storyboard */ = {
			isa = PBXVariantGroup;
			children = (
				AFC2A8351CC378BB00FC6AFA /* Base */,
			);
			name = Main.storyboard;
			sourceTree = "<group>";
		};
		AFC2A8391CC378BB00FC6AFA /* LaunchScreen.storyboard */ = {
			isa = PBXVariantGroup;
			children = (
				AFC2A83A1CC378BB00FC6AFA /* Base */,
			);
			name = LaunchScreen.storyboard;
			sourceTree = "<group>";
		};
/* End PBXVariantGroup section */

/* Begin XCBuildConfiguration section */
		AFC2A83D1CC378BB00FC6AFA /* Debug */ = {
			isa = XCBuildConfiguration;
			buildSettings = {
				ALWAYS_SEARCH_USER_PATHS = NO;
				CLANG_ANALYZER_NONNULL = YES;
				CLANG_CXX_LANGUAGE_STANDARD = "gnu++0x";
				CLANG_CXX_LIBRARY = "libc++";
				CLANG_ENABLE_MODULES = YES;
				CLANG_ENABLE_OBJC_ARC = YES;
				CLANG_WARN_BLOCK_CAPTURE_AUTORELEASING = YES;
				CLANG_WARN_BOOL_CONVERSION = YES;
				CLANG_WARN_COMMA = YES;
				CLANG_WARN_CONSTANT_CONVERSION = YES;
				CLANG_WARN_DIRECT_OBJC_ISA_USAGE = YES_ERROR;
				CLANG_WARN_EMPTY_BODY = YES;
				CLANG_WARN_ENUM_CONVERSION = YES;
				CLANG_WARN_INFINITE_RECURSION = YES;
				CLANG_WARN_INT_CONVERSION = YES;
				CLANG_WARN_NON_LITERAL_NULL_CONVERSION = YES;
				CLANG_WARN_OBJC_LITERAL_CONVERSION = YES;
				CLANG_WARN_OBJC_ROOT_CLASS = YES_ERROR;
				CLANG_WARN_RANGE_LOOP_ANALYSIS = YES;
				CLANG_WARN_STRICT_PROTOTYPES = YES;
				CLANG_WARN_SUSPICIOUS_MOVE = YES;
				CLANG_WARN_UNREACHABLE_CODE = YES;
				CLANG_WARN__DUPLICATE_METHOD_MATCH = YES;
				"CODE_SIGN_IDENTITY[sdk=iphoneos*]" = "iPhone Developer";
				COPY_PHASE_STRIP = NO;
				DEBUG_INFORMATION_FORMAT = dwarf;
				ENABLE_STRICT_OBJC_MSGSEND = YES;
				ENABLE_TESTABILITY = YES;
				GCC_C_LANGUAGE_STANDARD = gnu99;
				GCC_DYNAMIC_NO_PIC = NO;
				GCC_NO_COMMON_BLOCKS = YES;
				GCC_OPTIMIZATION_LEVEL = 0;
				GCC_PREPROCESSOR_DEFINITIONS = (
					"DEBUG=1",
					"$(inherited)",
				);
				GCC_WARN_64_TO_32_BIT_CONVERSION = YES;
				GCC_WARN_ABOUT_RETURN_TYPE = YES_ERROR;
				GCC_WARN_UNDECLARED_SELECTOR = YES;
				GCC_WARN_UNINITIALIZED_AUTOS = YES_AGGRESSIVE;
				GCC_WARN_UNUSED_FUNCTION = YES;
				GCC_WARN_UNUSED_VARIABLE = YES;
				IPHONEOS_DEPLOYMENT_TARGET = 9.3;
				MTL_ENABLE_DEBUG_INFO = YES;
				ONLY_ACTIVE_ARCH = YES;
				SDKROOT = iphoneos;
				SWIFT_OPTIMIZATION_LEVEL = "-Onone";
				TARGETED_DEVICE_FAMILY = "1,2";
			};
			name = Debug;
		};
		AFC2A83E1CC378BB00FC6AFA /* Release */ = {
			isa = XCBuildConfiguration;
			buildSettings = {
				ALWAYS_SEARCH_USER_PATHS = NO;
				CLANG_ANALYZER_NONNULL = YES;
				CLANG_CXX_LANGUAGE_STANDARD = "gnu++0x";
				CLANG_CXX_LIBRARY = "libc++";
				CLANG_ENABLE_MODULES = YES;
				CLANG_ENABLE_OBJC_ARC = YES;
				CLANG_WARN_BLOCK_CAPTURE_AUTORELEASING = YES;
				CLANG_WARN_BOOL_CONVERSION = YES;
				CLANG_WARN_COMMA = YES;
				CLANG_WARN_CONSTANT_CONVERSION = YES;
				CLANG_WARN_DIRECT_OBJC_ISA_USAGE = YES_ERROR;
				CLANG_WARN_EMPTY_BODY = YES;
				CLANG_WARN_ENUM_CONVERSION = YES;
				CLANG_WARN_INFINITE_RECURSION = YES;
				CLANG_WARN_INT_CONVERSION = YES;
				CLANG_WARN_NON_LITERAL_NULL_CONVERSION = YES;
				CLANG_WARN_OBJC_LITERAL_CONVERSION = YES;
				CLANG_WARN_OBJC_ROOT_CLASS = YES_ERROR;
				CLANG_WARN_RANGE_LOOP_ANALYSIS = YES;
				CLANG_WARN_STRICT_PROTOTYPES = YES;
				CLANG_WARN_SUSPICIOUS_MOVE = YES;
				CLANG_WARN_UNREACHABLE_CODE = YES;
				CLANG_WARN__DUPLICATE_METHOD_MATCH = YES;
				"CODE_SIGN_IDENTITY[sdk=iphoneos*]" = "iPhone Developer";
				COPY_PHASE_STRIP = NO;
				DEBUG_INFORMATION_FORMAT = "dwarf-with-dsym";
				ENABLE_NS_ASSERTIONS = NO;
				ENABLE_STRICT_OBJC_MSGSEND = YES;
				GCC_C_LANGUAGE_STANDARD = gnu99;
				GCC_NO_COMMON_BLOCKS = YES;
				GCC_WARN_64_TO_32_BIT_CONVERSION = YES;
				GCC_WARN_ABOUT_RETURN_TYPE = YES_ERROR;
				GCC_WARN_UNDECLARED_SELECTOR = YES;
				GCC_WARN_UNINITIALIZED_AUTOS = YES_AGGRESSIVE;
				GCC_WARN_UNUSED_FUNCTION = YES;
				GCC_WARN_UNUSED_VARIABLE = YES;
				IPHONEOS_DEPLOYMENT_TARGET = 9.3;
				MTL_ENABLE_DEBUG_INFO = NO;
				SDKROOT = iphoneos;
				SWIFT_OPTIMIZATION_LEVEL = "-Owholemodule";
				TARGETED_DEVICE_FAMILY = "1,2";
				VALIDATE_PRODUCT = YES;
			};
			name = Release;
		};
		AFC2A8401CC378BB00FC6AFA /* Debug */ = {
			isa = XCBuildConfiguration;
			baseConfigurationReference = BD94924A5DC0545CC4CF6D01 /* Pods-FuelSample.debug.xcconfig */;
			buildSettings = {
				ASSETCATALOG_COMPILER_APPICON_NAME = AppIcon;
				DEVELOPMENT_TEAM = "";
				ENABLE_BITCODE = "$(inherited)";
				FRAMEWORK_SEARCH_PATHS = (
					"$(inherited)",
					"$PODS_CONFIGURATION_BUILD_DIR/ArcGIS-Runtime-SDK-iOS\n$PODS_CONFIGURATION_BUILD_DIR/ArcGIS-Runtime-SDK-iOS",
					$PODS_CONFIGURATION_BUILD_DIR/NOSTRASDK,
				);
				INFOPLIST_FILE = FuelSample/Info.plist;
				LD_RUNPATH_SEARCH_PATHS = "$(inherited) @executable_path/Frameworks";
				OTHER_LDFLAGS = "$(inherited)";
				PRODUCT_BUNDLE_IDENTIFIER = nostrasdk.FuelSample;
				PRODUCT_NAME = "$(TARGET_NAME)";
				SWIFT_SWIFT3_OBJC_INFERENCE = On;
				SWIFT_VERSION = 4.2;
			};
			name = Debug;
		};
		AFC2A8411CC378BB00FC6AFA /* Release */ = {
			isa = XCBuildConfiguration;
			baseConfigurationReference = 2BC2B556B592251D3C236210 /* Pods-FuelSample.release.xcconfig */;
			buildSettings = {
				ASSETCATALOG_COMPILER_APPICON_NAME = AppIcon;
				DEVELOPMENT_TEAM = "";
				ENABLE_BITCODE = "$(inherited)";
				FRAMEWORK_SEARCH_PATHS = (
					"$(inherited)",
					"$PODS_CONFIGURATION_BUILD_DIR/ArcGIS-Runtime-SDK-iOS\n$PODS_CONFIGURATION_BUILD_DIR/ArcGIS-Runtime-SDK-iOS",
					$PODS_CONFIGURATION_BUILD_DIR/NOSTRASDK,
				);
				INFOPLIST_FILE = FuelSample/Info.plist;
				LD_RUNPATH_SEARCH_PATHS = "$(inherited) @executable_path/Frameworks";
				OTHER_LDFLAGS = "$(inherited)";
				PRODUCT_BUNDLE_IDENTIFIER = nostrasdk.FuelSample;
				PRODUCT_NAME = "$(TARGET_NAME)";
				SWIFT_SWIFT3_OBJC_INFERENCE = On;
				SWIFT_VERSION = 4.2;
			};
			name = Release;
		};
/* End XCBuildConfiguration section */

/* Begin XCConfigurationList section */
		AFC2A8281CC378BB00FC6AFA /* Build configuration list for PBXProject "FuelSample" */ = {
			isa = XCConfigurationList;
			buildConfigurations = (
				AFC2A83D1CC378BB00FC6AFA /* Debug */,
				AFC2A83E1CC378BB00FC6AFA /* Release */,
			);
			defaultConfigurationIsVisible = 0;
			defaultConfigurationName = Release;
		};
		AFC2A83F1CC378BB00FC6AFA /* Build configuration list for PBXNativeTarget "FuelSample" */ = {
			isa = XCConfigurationList;
			buildConfigurations = (
				AFC2A8401CC378BB00FC6AFA /* Debug */,
				AFC2A8411CC378BB00FC6AFA /* Release */,
			);
			defaultConfigurationIsVisible = 0;
			defaultConfigurationName = Release;
		};
/* End XCConfigurationList section */
	};
	rootObject = AFC2A8251CC378BB00FC6AFA /* Project object */;
}
