// !$*UTF8*$!
{
	archiveVersion = 1;
	classes = {
	};
	objectVersion = 46;
	objects = {

/* Begin PBXBuildFile section */
		AEFB54D77CB113359F01B7CE /* Pods_AddressSearchSample.framework in Frameworks */ = {isa = PBXBuildFile; fileRef = 7637E89AE62B3115B3B4B7BD /* Pods_AddressSearchSample.framework */; };
		AF725C4B1CE85BCD00A040AA /* AddressSearchKeywordViewController.swift in Sources */ = {isa = PBXBuildFile; fileRef = AF725C4A1CE85BCD00A040AA /* AddressSearchKeywordViewController.swift */; };
		AF725C4D1CE85BDB00A040AA /* AddressSearchAttributesViewController.swift in Sources */ = {isa = PBXBuildFile; fileRef = AF725C4C1CE85BDB00A040AA /* AddressSearchAttributesViewController.swift */; };
		AF725C4F1CE85BE800A040AA /* AddressSearchResultViewController.swift in Sources */ = {isa = PBXBuildFile; fileRef = AF725C4E1CE85BE800A040AA /* AddressSearchResultViewController.swift */; };
		AF725C511CE85BF500A040AA /* AddressSearchMapResultViewController.swift in Sources */ = {isa = PBXBuildFile; fileRef = AF725C501CE85BF500A040AA /* AddressSearchMapResultViewController.swift */; };
		AFC2A7F51CC3787200FC6AFA /* AppDelegate.swift in Sources */ = {isa = PBXBuildFile; fileRef = AFC2A7F41CC3787200FC6AFA /* AppDelegate.swift */; };
		AFC2A7FA1CC3787200FC6AFA /* Main.storyboard in Resources */ = {isa = PBXBuildFile; fileRef = AFC2A7F81CC3787200FC6AFA /* Main.storyboard */; };
		AFC2A7FC1CC3787200FC6AFA /* Assets.xcassets in Resources */ = {isa = PBXBuildFile; fileRef = AFC2A7FB1CC3787200FC6AFA /* Assets.xcassets */; };
		AFC2A7FF1CC3787200FC6AFA /* LaunchScreen.storyboard in Resources */ = {isa = PBXBuildFile; fileRef = AFC2A7FD1CC3787200FC6AFA /* LaunchScreen.storyboard */; };
/* End PBXBuildFile section */

/* Begin PBXCopyFilesBuildPhase section */
		AF725C291CE81E8900A040AA /* Embed Frameworks */ = {
			isa = PBXCopyFilesBuildPhase;
			buildActionMask = 2147483647;
			dstPath = "";
			dstSubfolderSpec = 10;
			files = (
			);
			name = "Embed Frameworks";
			runOnlyForDeploymentPostprocessing = 0;
		};
/* End PBXCopyFilesBuildPhase section */

/* Begin PBXFileReference section */
		6E1A9E7CF3AB8380476B74B0 /* Pods-AddressSearchSample.release.xcconfig */ = {isa = PBXFileReference; includeInIndex = 1; lastKnownFileType = text.xcconfig; name = "Pods-AddressSearchSample.release.xcconfig"; path = "../Pods/Target Support Files/Pods-AddressSearchSample/Pods-AddressSearchSample.release.xcconfig"; sourceTree = "<group>"; };
		7637E89AE62B3115B3B4B7BD /* Pods_AddressSearchSample.framework */ = {isa = PBXFileReference; explicitFileType = wrapper.framework; includeInIndex = 0; path = Pods_AddressSearchSample.framework; sourceTree = BUILT_PRODUCTS_DIR; };
		822CE3C593942325ED520A96 /* Pods-AddressSearchSample.debug.xcconfig */ = {isa = PBXFileReference; includeInIndex = 1; lastKnownFileType = text.xcconfig; name = "Pods-AddressSearchSample.debug.xcconfig"; path = "../Pods/Target Support Files/Pods-AddressSearchSample/Pods-AddressSearchSample.debug.xcconfig"; sourceTree = "<group>"; };
		AF725C4A1CE85BCD00A040AA /* AddressSearchKeywordViewController.swift */ = {isa = PBXFileReference; fileEncoding = 4; lastKnownFileType = sourcecode.swift; path = AddressSearchKeywordViewController.swift; sourceTree = "<group>"; };
		AF725C4C1CE85BDB00A040AA /* AddressSearchAttributesViewController.swift */ = {isa = PBXFileReference; fileEncoding = 4; lastKnownFileType = sourcecode.swift; path = AddressSearchAttributesViewController.swift; sourceTree = "<group>"; };
		AF725C4E1CE85BE800A040AA /* AddressSearchResultViewController.swift */ = {isa = PBXFileReference; fileEncoding = 4; lastKnownFileType = sourcecode.swift; path = AddressSearchResultViewController.swift; sourceTree = "<group>"; };
		AF725C501CE85BF500A040AA /* AddressSearchMapResultViewController.swift */ = {isa = PBXFileReference; fileEncoding = 4; lastKnownFileType = sourcecode.swift; path = AddressSearchMapResultViewController.swift; sourceTree = "<group>"; };
		AFC2A7F11CC3787200FC6AFA /* AddressSearchSample.app */ = {isa = PBXFileReference; explicitFileType = wrapper.application; includeInIndex = 0; path = AddressSearchSample.app; sourceTree = BUILT_PRODUCTS_DIR; };
		AFC2A7F41CC3787200FC6AFA /* AppDelegate.swift */ = {isa = PBXFileReference; lastKnownFileType = sourcecode.swift; path = AppDelegate.swift; sourceTree = "<group>"; };
		AFC2A7F91CC3787200FC6AFA /* Base */ = {isa = PBXFileReference; lastKnownFileType = file.storyboard; name = Base; path = Base.lproj/Main.storyboard; sourceTree = "<group>"; };
		AFC2A7FB1CC3787200FC6AFA /* Assets.xcassets */ = {isa = PBXFileReference; lastKnownFileType = folder.assetcatalog; path = Assets.xcassets; sourceTree = "<group>"; };
		AFC2A7FE1CC3787200FC6AFA /* Base */ = {isa = PBXFileReference; lastKnownFileType = file.storyboard; name = Base; path = Base.lproj/LaunchScreen.storyboard; sourceTree = "<group>"; };
		AFC2A8001CC3787200FC6AFA /* Info.plist */ = {isa = PBXFileReference; lastKnownFileType = text.plist.xml; path = Info.plist; sourceTree = "<group>"; };
/* End PBXFileReference section */

/* Begin PBXFrameworksBuildPhase section */
		AFC2A7EE1CC3787200FC6AFA /* Frameworks */ = {
			isa = PBXFrameworksBuildPhase;
			buildActionMask = 2147483647;
			files = (
				AEFB54D77CB113359F01B7CE /* Pods_AddressSearchSample.framework in Frameworks */,
			);
			runOnlyForDeploymentPostprocessing = 0;
		};
/* End PBXFrameworksBuildPhase section */

/* Begin PBXGroup section */
		36075DDD265BFD16881BA44D /* Frameworks */ = {
			isa = PBXGroup;
			children = (
				7637E89AE62B3115B3B4B7BD /* Pods_AddressSearchSample.framework */,
			);
			name = Frameworks;
			sourceTree = "<group>";
		};
		937676B320EE2B42FE8CCF11 /* Pods */ = {
			isa = PBXGroup;
			children = (
				822CE3C593942325ED520A96 /* Pods-AddressSearchSample.debug.xcconfig */,
				6E1A9E7CF3AB8380476B74B0 /* Pods-AddressSearchSample.release.xcconfig */,
			);
			name = Pods;
			sourceTree = "<group>";
		};
		AFC2A7E81CC3787200FC6AFA = {
			isa = PBXGroup;
			children = (
				AFC2A7F31CC3787200FC6AFA /* AddressSearchSample */,
				AFC2A7F21CC3787200FC6AFA /* Products */,
				937676B320EE2B42FE8CCF11 /* Pods */,
				36075DDD265BFD16881BA44D /* Frameworks */,
			);
			sourceTree = "<group>";
		};
		AFC2A7F21CC3787200FC6AFA /* Products */ = {
			isa = PBXGroup;
			children = (
				AFC2A7F11CC3787200FC6AFA /* AddressSearchSample.app */,
			);
			name = Products;
			sourceTree = "<group>";
		};
		AFC2A7F31CC3787200FC6AFA /* AddressSearchSample */ = {
			isa = PBXGroup;
			children = (
				AFC2A7F41CC3787200FC6AFA /* AppDelegate.swift */,
				AFC2A7F81CC3787200FC6AFA /* Main.storyboard */,
				AFC2A7FB1CC3787200FC6AFA /* Assets.xcassets */,
				AFC2A7FD1CC3787200FC6AFA /* LaunchScreen.storyboard */,
				AFC2A8001CC3787200FC6AFA /* Info.plist */,
				AF725C4A1CE85BCD00A040AA /* AddressSearchKeywordViewController.swift */,
				AF725C4C1CE85BDB00A040AA /* AddressSearchAttributesViewController.swift */,
				AF725C4E1CE85BE800A040AA /* AddressSearchResultViewController.swift */,
				AF725C501CE85BF500A040AA /* AddressSearchMapResultViewController.swift */,
			);
			path = AddressSearchSample;
			sourceTree = "<group>";
		};
/* End PBXGroup section */

/* Begin PBXNativeTarget section */
		AFC2A7F01CC3787200FC6AFA /* AddressSearchSample */ = {
			isa = PBXNativeTarget;
			buildConfigurationList = AFC2A8031CC3787200FC6AFA /* Build configuration list for PBXNativeTarget "AddressSearchSample" */;
			buildPhases = (
				41036FC1FDDAAD43E98AF5A7 /* [CP] Check Pods Manifest.lock */,
				AFC2A7ED1CC3787200FC6AFA /* Sources */,
				AFC2A7EE1CC3787200FC6AFA /* Frameworks */,
				AFC2A7EF1CC3787200FC6AFA /* Resources */,
				AF725C291CE81E8900A040AA /* Embed Frameworks */,
				2932FB66B79165786B140346 /* [CP] Embed Pods Frameworks */,
				7CA32582B851D7ED9E664D45 /* [CP] Copy Pods Resources */,
			);
			buildRules = (
			);
			dependencies = (
			);
			name = AddressSearchSample;
			productName = AddressSearchSample;
			productReference = AFC2A7F11CC3787200FC6AFA /* AddressSearchSample.app */;
			productType = "com.apple.product-type.application";
		};
/* End PBXNativeTarget section */

/* Begin PBXProject section */
		AFC2A7E91CC3787200FC6AFA /* Project object */ = {
			isa = PBXProject;
			attributes = {
				LastSwiftUpdateCheck = 0730;
				LastUpgradeCheck = 0900;
				ORGANIZATIONNAME = gissoft;
				TargetAttributes = {
					AFC2A7F01CC3787200FC6AFA = {
						CreatedOnToolsVersion = 7.3;
						DevelopmentTeam = JV39BS58TD;
						LastSwiftMigration = 0900;
					};
				};
			};
			buildConfigurationList = AFC2A7EC1CC3787200FC6AFA /* Build configuration list for PBXProject "AddressSearchSample" */;
			compatibilityVersion = "Xcode 3.2";
			developmentRegion = English;
			hasScannedForEncodings = 0;
			knownRegions = (
				en,
				Base,
			);
			mainGroup = AFC2A7E81CC3787200FC6AFA;
			productRefGroup = AFC2A7F21CC3787200FC6AFA /* Products */;
			projectDirPath = "";
			projectRoot = "";
			targets = (
				AFC2A7F01CC3787200FC6AFA /* AddressSearchSample */,
			);
		};
/* End PBXProject section */

/* Begin PBXResourcesBuildPhase section */
		AFC2A7EF1CC3787200FC6AFA /* Resources */ = {
			isa = PBXResourcesBuildPhase;
			buildActionMask = 2147483647;
			files = (
				AFC2A7FF1CC3787200FC6AFA /* LaunchScreen.storyboard in Resources */,
				AFC2A7FC1CC3787200FC6AFA /* Assets.xcassets in Resources */,
				AFC2A7FA1CC3787200FC6AFA /* Main.storyboard in Resources */,
			);
			runOnlyForDeploymentPostprocessing = 0;
		};
/* End PBXResourcesBuildPhase section */

/* Begin PBXShellScriptBuildPhase section */
		2932FB66B79165786B140346 /* [CP] Embed Pods Frameworks */ = {
			isa = PBXShellScriptBuildPhase;
			buildActionMask = 2147483647;
			files = (
			);
			inputPaths = (
				"${SRCROOT}/../Pods/Target Support Files/Pods-AddressSearchSample/Pods-AddressSearchSample-frameworks.sh",
				"${PODS_ROOT}/NOSTRASDK/NOSTRASDK.framework",
			);
			name = "[CP] Embed Pods Frameworks";
			outputPaths = (
				"${TARGET_BUILD_DIR}/${FRAMEWORKS_FOLDER_PATH}/NOSTRASDK.framework",
			);
			runOnlyForDeploymentPostprocessing = 0;
			shellPath = /bin/sh;
			shellScript = "\"${SRCROOT}/../Pods/Target Support Files/Pods-AddressSearchSample/Pods-AddressSearchSample-frameworks.sh\"\n";
			showEnvVarsInLog = 0;
		};
		41036FC1FDDAAD43E98AF5A7 /* [CP] Check Pods Manifest.lock */ = {
			isa = PBXShellScriptBuildPhase;
			buildActionMask = 2147483647;
			files = (
			);
			inputPaths = (
				"${PODS_PODFILE_DIR_PATH}/Podfile.lock",
				"${PODS_ROOT}/Manifest.lock",
			);
			name = "[CP] Check Pods Manifest.lock";
			outputPaths = (
				"$(DERIVED_FILE_DIR)/Pods-AddressSearchSample-checkManifestLockResult.txt",
			);
			runOnlyForDeploymentPostprocessing = 0;
			shellPath = /bin/sh;
			shellScript = "diff \"${PODS_PODFILE_DIR_PATH}/Podfile.lock\" \"${PODS_ROOT}/Manifest.lock\" > /dev/null\nif [ $? != 0 ] ; then\n    # print error to STDERR\n    echo \"error: The sandbox is not in sync with the Podfile.lock. Run 'pod install' or update your CocoaPods installation.\" >&2\n    exit 1\nfi\n# This output is used by Xcode 'outputs' to avoid re-running this script phase.\necho \"SUCCESS\" > \"${SCRIPT_OUTPUT_FILE_0}\"\n";
			showEnvVarsInLog = 0;
		};
		7CA32582B851D7ED9E664D45 /* [CP] Copy Pods Resources */ = {
			isa = PBXShellScriptBuildPhase;
			buildActionMask = 2147483647;
			files = (
			);
			inputPaths = (
				"${SRCROOT}/../Pods/Target Support Files/Pods-AddressSearchSample/Pods-AddressSearchSample-resources.sh",
				"${PODS_ROOT}/ArcGIS-Runtime-SDK-iOS/ArcGIS.framework/Versions/Current/Resources/ArcGIS.bundle",
			);
			name = "[CP] Copy Pods Resources";
			outputPaths = (
				"${TARGET_BUILD_DIR}/${UNLOCALIZED_RESOURCES_FOLDER_PATH}/ArcGIS.bundle",
			);
			runOnlyForDeploymentPostprocessing = 0;
			shellPath = /bin/sh;
			shellScript = "\"${SRCROOT}/../Pods/Target Support Files/Pods-AddressSearchSample/Pods-AddressSearchSample-resources.sh\"\n";
			showEnvVarsInLog = 0;
		};
/* End PBXShellScriptBuildPhase section */

/* Begin PBXSourcesBuildPhase section */
		AFC2A7ED1CC3787200FC6AFA /* Sources */ = {
			isa = PBXSourcesBuildPhase;
			buildActionMask = 2147483647;
			files = (
				AF725C511CE85BF500A040AA /* AddressSearchMapResultViewController.swift in Sources */,
				AF725C4F1CE85BE800A040AA /* AddressSearchResultViewController.swift in Sources */,
				AF725C4D1CE85BDB00A040AA /* AddressSearchAttributesViewController.swift in Sources */,
				AFC2A7F51CC3787200FC6AFA /* AppDelegate.swift in Sources */,
				AF725C4B1CE85BCD00A040AA /* AddressSearchKeywordViewController.swift in Sources */,
			);
			runOnlyForDeploymentPostprocessing = 0;
		};
/* End PBXSourcesBuildPhase section */

/* Begin PBXVariantGroup section */
		AFC2A7F81CC3787200FC6AFA /* Main.storyboard */ = {
			isa = PBXVariantGroup;
			children = (
				AFC2A7F91CC3787200FC6AFA /* Base */,
			);
			name = Main.storyboard;
			sourceTree = "<group>";
		};
		AFC2A7FD1CC3787200FC6AFA /* LaunchScreen.storyboard */ = {
			isa = PBXVariantGroup;
			children = (
				AFC2A7FE1CC3787200FC6AFA /* Base */,
			);
			name = LaunchScreen.storyboard;
			sourceTree = "<group>";
		};
/* End PBXVariantGroup section */

/* Begin XCBuildConfiguration section */
		AFC2A8011CC3787200FC6AFA /* Debug */ = {
			isa = XCBuildConfiguration;
			buildSettings = {
				ALWAYS_SEARCH_USER_PATHS = NO;
				CLANG_ANALYZER_NONNULL = YES;
				CLANG_CXX_LANGUAGE_STANDARD = "gnu++0x";
				CLANG_CXX_LIBRARY = "libc++";
				CLANG_ENABLE_MODULES = YES;
				CLANG_ENABLE_OBJC_ARC = YES;
				CLANG_WARN_BLOCK_CAPTURE_AUTORELEASING = YES;
				CLANG_WARN_BOOL_CONVERSION = YES;
				CLANG_WARN_COMMA = YES;
				CLANG_WARN_CONSTANT_CONVERSION = YES;
				CLANG_WARN_DIRECT_OBJC_ISA_USAGE = YES_ERROR;
				CLANG_WARN_EMPTY_BODY = YES;
				CLANG_WARN_ENUM_CONVERSION = YES;
				CLANG_WARN_INFINITE_RECURSION = YES;
				CLANG_WARN_INT_CONVERSION = YES;
				CLANG_WARN_NON_LITERAL_NULL_CONVERSION = YES;
				CLANG_WARN_OBJC_LITERAL_CONVERSION = YES;
				CLANG_WARN_OBJC_ROOT_CLASS = YES_ERROR;
				CLANG_WARN_RANGE_LOOP_ANALYSIS = YES;
				CLANG_WARN_STRICT_PROTOTYPES = YES;
				CLANG_WARN_SUSPICIOUS_MOVE = YES;
				CLANG_WARN_UNREACHABLE_CODE = YES;
				CLANG_WARN__DUPLICATE_METHOD_MATCH = YES;
				"CODE_SIGN_IDENTITY[sdk=iphoneos*]" = "iPhone Developer";
				COPY_PHASE_STRIP = NO;
				DEBUG_INFORMATION_FORMAT = dwarf;
				ENABLE_BITCODE = NO;
				ENABLE_STRICT_OBJC_MSGSEND = YES;
				ENABLE_TESTABILITY = YES;
				FRAMEWORK_SEARCH_PATHS = "";
				GCC_C_LANGUAGE_STANDARD = gnu99;
				GCC_DYNAMIC_NO_PIC = NO;
				GCC_NO_COMMON_BLOCKS = YES;
				GCC_OPTIMIZATION_LEVEL = 0;
				GCC_PREPROCESSOR_DEFINITIONS = (
					"DEBUG=1",
					"$(inherited)",
				);
				GCC_WARN_64_TO_32_BIT_CONVERSION = YES;
				GCC_WARN_ABOUT_RETURN_TYPE = YES_ERROR;
				GCC_WARN_UNDECLARED_SELECTOR = YES;
				GCC_WARN_UNINITIALIZED_AUTOS = YES_AGGRESSIVE;
				GCC_WARN_UNUSED_FUNCTION = YES;
				GCC_WARN_UNUSED_VARIABLE = YES;
				IPHONEOS_DEPLOYMENT_TARGET = 9.3;
				MTL_ENABLE_DEBUG_INFO = YES;
				ONLY_ACTIVE_ARCH = YES;
				SDKROOT = iphoneos;
				SWIFT_OPTIMIZATION_LEVEL = "-Onone";
				TARGETED_DEVICE_FAMILY = "1,2";
			};
			name = Debug;
		};
		AFC2A8021CC3787200FC6AFA /* Release */ = {
			isa = XCBuildConfiguration;
			buildSettings = {
				ALWAYS_SEARCH_USER_PATHS = NO;
				CLANG_ANALYZER_NONNULL = YES;
				CLANG_CXX_LANGUAGE_STANDARD = "gnu++0x";
				CLANG_CXX_LIBRARY = "libc++";
				CLANG_ENABLE_MODULES = YES;
				CLANG_ENABLE_OBJC_ARC = YES;
				CLANG_WARN_BLOCK_CAPTURE_AUTORELEASING = YES;
				CLANG_WARN_BOOL_CONVERSION = YES;
				CLANG_WARN_COMMA = YES;
				CLANG_WARN_CONSTANT_CONVERSION = YES;
				CLANG_WARN_DIRECT_OBJC_ISA_USAGE = YES_ERROR;
				CLANG_WARN_EMPTY_BODY = YES;
				CLANG_WARN_ENUM_CONVERSION = YES;
				CLANG_WARN_INFINITE_RECURSION = YES;
				CLANG_WARN_INT_CONVERSION = YES;
				CLANG_WARN_NON_LITERAL_NULL_CONVERSION = YES;
				CLANG_WARN_OBJC_LITERAL_CONVERSION = YES;
				CLANG_WARN_OBJC_ROOT_CLASS = YES_ERROR;
				CLANG_WARN_RANGE_LOOP_ANALYSIS = YES;
				CLANG_WARN_STRICT_PROTOTYPES = YES;
				CLANG_WARN_SUSPICIOUS_MOVE = YES;
				CLANG_WARN_UNREACHABLE_CODE = YES;
				CLANG_WARN__DUPLICATE_METHOD_MATCH = YES;
				"CODE_SIGN_IDENTITY[sdk=iphoneos*]" = "iPhone Developer";
				COPY_PHASE_STRIP = NO;
				DEBUG_INFORMATION_FORMAT = "dwarf-with-dsym";
				ENABLE_BITCODE = NO;
				ENABLE_NS_ASSERTIONS = NO;
				ENABLE_STRICT_OBJC_MSGSEND = YES;
				FRAMEWORK_SEARCH_PATHS = "";
				GCC_C_LANGUAGE_STANDARD = gnu99;
				GCC_NO_COMMON_BLOCKS = YES;
				GCC_WARN_64_TO_32_BIT_CONVERSION = YES;
				GCC_WARN_ABOUT_RETURN_TYPE = YES_ERROR;
				GCC_WARN_UNDECLARED_SELECTOR = YES;
				GCC_WARN_UNINITIALIZED_AUTOS = YES_AGGRESSIVE;
				GCC_WARN_UNUSED_FUNCTION = YES;
				GCC_WARN_UNUSED_VARIABLE = YES;
				IPHONEOS_DEPLOYMENT_TARGET = 9.3;
				MTL_ENABLE_DEBUG_INFO = NO;
				ONLY_ACTIVE_ARCH = NO;
				SDKROOT = iphoneos;
				SWIFT_OPTIMIZATION_LEVEL = "-Owholemodule";
				TARGETED_DEVICE_FAMILY = "1,2";
				VALIDATE_PRODUCT = YES;
			};
			name = Release;
		};
		AFC2A8041CC3787200FC6AFA /* Debug */ = {
			isa = XCBuildConfiguration;
			baseConfigurationReference = 822CE3C593942325ED520A96 /* Pods-AddressSearchSample.debug.xcconfig */;
			buildSettings = {
				ASSETCATALOG_COMPILER_APPICON_NAME = AppIcon;
				DEVELOPMENT_TEAM = JV39BS58TD;
				ENABLE_BITCODE = "$(inherited)";
				FRAMEWORK_SEARCH_PATHS = (
					"$(inherited)",
					$PODS_CONFIGURATION_BUILD_DIR/NOSTRASDK,
					"$PODS_CONFIGURATION_BUILD_DIR/ArcGIS-Runtime-SDK-iOS",
				);
				INFOPLIST_FILE = AddressSearchSample/Info.plist;
				IPHONEOS_DEPLOYMENT_TARGET = 11.0;
				LD_RUNPATH_SEARCH_PATHS = "$(inherited) @executable_path/Frameworks";
				OTHER_LDFLAGS = "$(inherited)";
				PRODUCT_BUNDLE_IDENTIFIER = nostrasdk.AddressSearchSample;
				PRODUCT_NAME = "$(TARGET_NAME)";
				SWIFT_SWIFT3_OBJC_INFERENCE = Default;
				SWIFT_VERSION = 4.0;
			};
			name = Debug;
		};
		AFC2A8051CC3787200FC6AFA /* Release */ = {
			isa = XCBuildConfiguration;
			baseConfigurationReference = 6E1A9E7CF3AB8380476B74B0 /* Pods-AddressSearchSample.release.xcconfig */;
			buildSettings = {
				ASSETCATALOG_COMPILER_APPICON_NAME = AppIcon;
				DEVELOPMENT_TEAM = JV39BS58TD;
				ENABLE_BITCODE = "$(inherited)";
				FRAMEWORK_SEARCH_PATHS = (
					"$(inherited)",
					$PODS_CONFIGURATION_BUILD_DIR/NOSTRASDK,
					"$PODS_CONFIGURATION_BUILD_DIR/ArcGIS-Runtime-SDK-iOS",
				);
				INFOPLIST_FILE = AddressSearchSample/Info.plist;
				IPHONEOS_DEPLOYMENT_TARGET = 11.0;
				LD_RUNPATH_SEARCH_PATHS = "$(inherited) @executable_path/Frameworks";
				OTHER_LDFLAGS = "$(inherited)";
				PRODUCT_BUNDLE_IDENTIFIER = nostrasdk.AddressSearchSample;
				PRODUCT_NAME = "$(TARGET_NAME)";
				SWIFT_SWIFT3_OBJC_INFERENCE = Default;
				SWIFT_VERSION = 4.0;
			};
			name = Release;
		};
/* End XCBuildConfiguration section */

/* Begin XCConfigurationList section */
		AFC2A7EC1CC3787200FC6AFA /* Build configuration list for PBXProject "AddressSearchSample" */ = {
			isa = XCConfigurationList;
			buildConfigurations = (
				AFC2A8011CC3787200FC6AFA /* Debug */,
				AFC2A8021CC3787200FC6AFA /* Release */,
			);
			defaultConfigurationIsVisible = 0;
			defaultConfigurationName = Release;
		};
		AFC2A8031CC3787200FC6AFA /* Build configuration list for PBXNativeTarget "AddressSearchSample" */ = {
			isa = XCConfigurationList;
			buildConfigurations = (
				AFC2A8041CC3787200FC6AFA /* Debug */,
				AFC2A8051CC3787200FC6AFA /* Release */,
			);
			defaultConfigurationIsVisible = 0;
			defaultConfigurationName = Release;
		};
/* End XCConfigurationList section */
	};
	rootObject = AFC2A7E91CC3787200FC6AFA /* Project object */;
}
